{
  "name": "Saas-Factory",
  "lockfileVersion": 3,
  "requires": true,
  "packages": {
    "": {
      "dependencies": {
        "@anthropic-ai/claude-code": "^2.1.179"
      }
    },
    "node_modules/@anthropic-ai/claude-code": {
      "version": "2.1.179",
      "resolved": "https://registry.npmjs.org/@anthropic-ai/claude-code/-/claude-code-2.1.179.tgz",
      "integrity": "sha512-gH8HCWDPK+8m/3miGjD69VfPv/ShrFWp7nMaWbpiLzp45qrQV0wbf5Hgye2ToYvFFbzCa+S0+OZbpQ4UDetQnw==",
      "hasInstallScript": true,
      "license": "SEE LICENSE IN README.md",
      "bin": {
        "claude": "bin/claude.exe"
      },
      "engines": {
        "node": ">=18.0.0"
      },
      "optionalDependencies": {
        "@anthropic-ai/claude-code-darwin-arm64": "2.1.179",
        "@anthropic-ai/claude-code-darwin-x64": "2.1.179",
        "@anthropic-ai/claude-code-linux-arm64": "2.1.179",
        "@anthropic-ai/claude-code-linux-arm64-musl": "2.1.179",
        "@anthropic-ai/claude-code-linux-x64": "2.1.179",
        "@anthropic-ai/claude-code-linux-x64-musl": "2.1.179",
        "@anthropic-ai/claude-code-win32-arm64": "2.1.179",
        "@anthropic-ai/claude-code-win32-x64": "2.1.179"
      }
    },
    "node_modules/@anthropic-ai/claude-code-darwin-arm64": {
      "version": "2.1.179",
      "resolved": "https://registry.npmjs.org/@anthropic-ai/claude-code-darwin-arm64/-/claude-code-darwin-arm64-2.1.179.tgz",
      "integrity": "sha512-OgeqVYNy1oUOigY94O1TNsi1HTOMxocZ9rphNH3oc6sCjFjRl8gV+3H1TCTdH5fXobAUAsyx36WoBoXO0MhBWA==",
      "cpu": [
        "arm64"
      ],
      "license": "SEE LICENSE IN LICENSE.md",
      "optional": true,
      "os": [
        "darwin"
      ]
    },
    "node_modules/@anthropic-ai/claude-code-darwin-x64": {
      "version": "2.1.179",
      "resolved": "https://registry.npmjs.org/@anthropic-ai/claude-code-darwin-x64/-/claude-code-darwin-x64-2.1.179.tgz",
      "integrity": "sha512-okADatergdFzzTbGtWqtiRwlHJqvIqWUOQXIG8PqljADjIGTcGa2I8rZ+9HK0E1F6ZkF8uuhHVGY5EN0GKVWgw==",
      "cpu": [
        "x64"
      ],
      "license": "SEE LICENSE IN LICENSE.md",
      "optional": true,
      "os": [
        "darwin"
      ]
    },
    "node_modules/@anthropic-ai/claude-code-linux-arm64": {
      "version": "2.1.179",
      "resolved": "https://registry.npmjs.org/@anthropic-ai/claude-code-linux-arm64/-/claude-code-linux-arm64-2.1.179.tgz",
      "integrity": "sha512-KpB1gvSGW0m73be0gKbIqbKfyu0zTjf7oXuX6U1QfYKZVxarhA/D9n91c/sR6e2tB75nohx24Kg5roL6JvCYdQ==",
      "cpu": [
        "arm64"
      ],
      "license": "SEE LICENSE IN LICENSE.md",
      "optional": true,
      "os": [
        "linux"
      ]
    },
    "node_modules/@anthropic-ai/claude-code-linux-arm64-musl": {
      "version": "2.1.179",
      "resolved": "https://registry.npmjs.org/@anthropic-ai/claude-code-linux-arm64-musl/-/claude-code-linux-arm64-musl-2.1.179.tgz",
      "integrity": "sha512-8PkP6JylMwgoKytQEbPtP4c1rygECwNJkZvx8HU+0YJX4SSLjcIjgY4yRgfEM9119rzE/Ia6wgXsEP+xBTkvjQ==",
      "cpu": [
        "arm64"
      ],
      "license": "SEE LICENSE IN LICENSE.md",
      "optional": true,
      "os": [
        "linux"
      ]
    },
    "node_modules/@anthropic-ai/claude-code-linux-x64": {
      "version": "2.1.179",
      "resolved": "https://registry.npmjs.org/@anthropic-ai/claude-code-linux-x64/-/claude-code-linux-x64-2.1.179.tgz",
      "integrity": "sha512-jyVJpNIPIpqNr24bEGGgkWDY8YSi/h1+wy9Nzfsdwk6I/OTa0/iV7C3KDJTCkALXRRxDCgJXK2rjoWzXDV7Vpw==",
      "cpu": [
        "x64"
      ],
      "license": "SEE LICENSE IN LICENSE.md",
      "optional": true,
      "os": [
        "linux"
      ]
    },
    "node_modules/@anthropic-ai/claude-code-linux-x64-musl": {
      "version": "2.1.179",
      "resolved": "https://registry.npmjs.org/@anthropic-ai/claude-code-linux-x64-musl/-/claude-code-linux-x64-musl-2.1.179.tgz",
      "integrity": "sha512-kx2DTE5U9b7AlZ+sJpqxxGMurSt2M7WTNgMqt+T8fO+c6WHrdsSJh+74Zq7z856IXgBrl/+Mcx1NGuaq9kH8uQ==",
      "cpu": [
        "x64"
      ],
      "license": "SEE LICENSE IN LICENSE.md",
      "optional": true,
      "os": [
        "linux"
      ]
    },
    "node_modules/@anthropic-ai/claude-code-win32-arm64": {
      "version": "2.1.179",
      "resolved": "https://registry.npmjs.org/@anthropic-ai/claude-code-win32-arm64/-/claude-code-win32-arm64-2.1.179.tgz",
      "integrity": "sha512-0kfiYsV/xlZlmSP+YL3JexIHB30JUoyyiOIXg7VLxDi5bQYS4vyNf8TRStak0UCTYzXEneHRu6hUZ+LrZyEMiw==",
      "cpu": [
        "arm64"
      ],
      "license": "SEE LICENSE IN LICENSE.md",
      "optional": true,
      "os": [
        "win32"
      ]
    },
    "node_modules/@anthropic-ai/claude-code-win32-x64": {
      "version": "2.1.179",
      "resolved": "https://registry.npmjs.org/@anthropic-ai/claude-code-win32-x64/-/claude-code-win32-x64-2.1.179.tgz",
      "integrity": "sha512-8Wt9LMArUuvzq//1CGxqg07tcvIhuANxU5Mmk4DugxDmGzd1W2vQGjYazXSw+fwwn7tbhimRLWwXt76dG2/4yw==",
      "cpu": [
        "x64"
      ],
      "license": "SEE LICENSE IN LICENSE.md",
      "optional": true,
      "os": [
        "win32"
      ]
    }
  }
}
