Microsoft Visual Studio Solution File, Format Version 12.00
# Visual Studio Version 18
VisualStudioVersion = 18.2.11415.280 d18.0
MinimumVisualStudioVersion = 10.0.40219.1
Project("{2150E333-8FDC-42A3-9474-1A3956D46DE8}") = "AppBlueprint", "AppBlueprint", "{06B52097-DC31-478E-67E5-099B9F601761}"
EndProject
Project("{FAE04EC0-301F-11D3-BF4B-00C04F79EFBC}") = "AppBlueprint.ApiService", "Code\AppBlueprint\AppBlueprint.ApiService\AppBlueprint.ApiService.csproj", "{21D76C95-29F8-9346-9C7F-94E83FFEC0F7}"
EndProject
Project("{FAE04EC0-301F-11D3-BF4B-00C04F79EFBC}") = "AppBlueprint.AppGateway", "Code\AppBlueprint\AppBlueprint.AppGateway\AppBlueprint.AppGateway.csproj", "{EA24E0ED-6148-37C8-3059-F28F9ADDA855}"
EndProject
Project("{FAE04EC0-301F-11D3-BF4B-00C04F79EFBC}") = "AppBlueprint.AppHost", "Code\AppBlueprint\AppBlueprint.AppHost\AppBlueprint.AppHost.csproj", "{27B56602-5A2A-38DC-AF77-BADC1ED7D59F}"
EndProject
Project("{FAE04EC0-301F-11D3-BF4B-00C04F79EFBC}") = "AppBlueprint.DeveloperCli", "Code\AppBlueprint\AppBlueprint.DeveloperCli\AppBlueprint.DeveloperCli.csproj", "{2FB3D41D-3A12-6358-84CD-9AB7E1A062B4}"
EndProject
Project("{FAE04EC0-301F-11D3-BF4B-00C04F79EFBC}") = "AppBlueprint.ServiceDefaults", "Code\AppBlueprint\AppBlueprint.ServiceDefaults\AppBlueprint.ServiceDefaults.csproj", "{23728798-B2E0-B133-6C91-52DCE1B6ED3E}"
EndProject
Project("{FAE04EC0-301F-11D3-BF4B-00C04F79EFBC}") = "AppBlueprint.Tests", "Code\AppBlueprint\AppBlueprint.Tests\AppBlueprint.Tests.csproj", "{DBA4EF9F-C0DF-42CC-FD2D-F3783CFA3184}"
EndProject
Project("{FAE04EC0-301F-11D3-BF4B-00C04F79EFBC}") = "AppBlueprint.Web", "Code\AppBlueprint\AppBlueprint.Web\AppBlueprint.Web.csproj", "{2EEDFC40-D156-D5BF-401B-C23A91D9BE8E}"
EndProject
Project("{FAE04EC0-301F-11D3-BF4B-00C04F79EFBC}") = "AppBlueprint.Api.Client.Sdk", "Code\AppBlueprint\Shared-Modules\AppBlueprint.Api.Client.Sdk\AppBlueprint.Api.Client.Sdk.csproj", "{B20FC849-B946-CF2F-0355-B3F57BED07DD}"
EndProject
Project("{FAE04EC0-301F-11D3-BF4B-00C04F79EFBC}") = "AppBlueprint.Application", "Code\AppBlueprint\Shared-Modules\AppBlueprint.Application\AppBlueprint.Application.csproj", "{63509A96-856A-BC21-C9B0-071BDFC4F989}"
EndProject
Project("{FAE04EC0-301F-11D3-BF4B-00C04F79EFBC}") = "AppBlueprint.Contracts", "Code\AppBlueprint\Shared-Modules\AppBlueprint.Contracts\AppBlueprint.Contracts.csproj", "{18D9AD93-08A1-3DC8-07B9-150D173DF809}"
EndProject
Project("{FAE04EC0-301F-11D3-BF4B-00C04F79EFBC}") = "AppBlueprint.Domain", "Code\AppBlueprint\Shared-Modules\AppBlueprint.Domain\AppBlueprint.Domain.csproj", "{33205FAD-61C5-54A5-3D9A-9072A702175B}"
EndProject
Project("{FAE04EC0-301F-11D3-BF4B-00C04F79EFBC}") = "AppBlueprint.Infrastructure", "Code\AppBlueprint\Shared-Modules\AppBlueprint.Infrastructure\AppBlueprint.Infrastructure.csproj", "{53897B57-69C4-8709-4847-1400B4051085}"
EndProject
Project("{FAE04EC0-301F-11D3-BF4B-00C04F79EFBC}") = "AppBlueprint.Presentation.ApiModule", "Code\AppBlueprint\Shared-Modules\AppBlueprint.Presentation.ApiModule\AppBlueprint.Presentation.ApiModule.csproj", "{02BCE46B-63D3-40C5-57F6-BAD40308F79E}"
EndProject
Project("{FAE04EC0-301F-11D3-BF4B-00C04F79EFBC}") = "AppBlueprint.SharedKernel", "Code\AppBlueprint\Shared-Modules\AppBlueprint.SharedKernel\AppBlueprint.SharedKernel.csproj", "{3969E9CA-F46C-3AF3-5B17-AD7359BC5239}"
EndProject
Project("{FAE04EC0-301F-11D3-BF4B-00C04F79EFBC}") = "AppBlueprint.UiKit", "Code\AppBlueprint\Shared-Modules\AppBlueprint.UiKit\AppBlueprint.UiKit.csproj", "{9BC8D6A8-2461-EBC1-6497-135EAC98EEEE}"
EndProject
Project("{2150E333-8FDC-42A3-9474-1A3956D46DE8}") = "Code", "Code", "{314C6247-30EA-3492-19B6-DF847E3B326F}"
EndProject
Project("{2150E333-8FDC-42A3-9474-1A3956D46DE8}") = "AppBlueprint", "AppBlueprint", "{C8D098D9-42D3-9B82-1233-22636F3EF8F1}"
	ProjectSection(SolutionItems) = preProject
		Code\AppBlueprint\.railwayignore = Code\AppBlueprint\.railwayignore
		Code\AppBlueprint\API_PORT_FIX_CRITICAL.md = Code\AppBlueprint\API_PORT_FIX_CRITICAL.md
		Code\AppBlueprint\APPHOST_PORT_FIX_FINAL.md = Code\AppBlueprint\APPHOST_PORT_FIX_FINAL.md
		Code\AppBlueprint\AUTH0_SETUP_GUIDE.md = Code\AppBlueprint\AUTH0_SETUP_GUIDE.md
		Code\AppBlueprint\BLAZOR_JWT_GUIDE.md = Code\AppBlueprint\BLAZOR_JWT_GUIDE.md
		Code\AppBlueprint\CLEANUP_LOGTO_NOW.md = Code\AppBlueprint\CLEANUP_LOGTO_NOW.md
		Code\AppBlueprint\CLOUD_DATABASE_SETUP.md = Code\AppBlueprint\CLOUD_DATABASE_SETUP.md
		Code\AppBlueprint\COMPLETE_AUTH_FIX_FINAL.md = Code\AppBlueprint\COMPLETE_AUTH_FIX_FINAL.md
		Code\AppBlueprint\COMPLETE_RAILWAY_SOLUTION.md = Code\AppBlueprint\COMPLETE_RAILWAY_SOLUTION.md
		Code\AppBlueprint\COMPREHENSIVE_SIGNOUT_INVESTIGATION.md = Code\AppBlueprint\COMPREHENSIVE_SIGNOUT_INVESTIGATION.md
		Code\AppBlueprint\CRITICAL_DIAGNOSTICS_DO_NOW.md = Code\AppBlueprint\CRITICAL_DIAGNOSTICS_DO_NOW.md
		Code\AppBlueprint\DASHBOARD_DUPLICATE_FIX.md = Code\AppBlueprint\DASHBOARD_DUPLICATE_FIX.md
		Code\AppBlueprint\docker-compose.logto.yml = Code\AppBlueprint\docker-compose.logto.yml
		Code\AppBlueprint\docker-compose.railway.yml = Code\AppBlueprint\docker-compose.railway.yml
		Code\AppBlueprint\DOCKER_BUILD_INSTRUCTIONS.md = Code\AppBlueprint\DOCKER_BUILD_INSTRUCTIONS.md
		Code\AppBlueprint\EMERGENCY_FORCE_LOGOUT_TEST.md = Code\AppBlueprint\EMERGENCY_FORCE_LOGOUT_TEST.md
		Code\AppBlueprint\ENHANCED_LOGGING_TEST.md = Code\AppBlueprint\ENHANCED_LOGGING_TEST.md
		Code\AppBlueprint\EXACT_LOGTO_CLICKS.md = Code\AppBlueprint\EXACT_LOGTO_CLICKS.md
		Code\AppBlueprint\FINAL_SIGNOUT_SOLUTION.md = Code\AppBlueprint\FINAL_SIGNOUT_SOLUTION.md
		Code\AppBlueprint\FINAL_SYSTEMATIC_TEST.md = Code\AppBlueprint\FINAL_SYSTEMATIC_TEST.md
		Code\AppBlueprint\FULL_LOGTO_SIGNOUT_COMPLETE.md = Code\AppBlueprint\FULL_LOGTO_SIGNOUT_COMPLETE.md
		Code\AppBlueprint\IMMEDIATE_TEST_REQUIRED.md = Code\AppBlueprint\IMMEDIATE_TEST_REQUIRED.md
		Code\AppBlueprint\I_NEED_ACTUAL_DIAGNOSTICS.md = Code\AppBlueprint\I_NEED_ACTUAL_DIAGNOSTICS.md
		Code\AppBlueprint\JWT_QUICK_REFERENCE.md = Code\AppBlueprint\JWT_QUICK_REFERENCE.md
		Code\AppBlueprint\JWT_TESTING_GUIDE.md = Code\AppBlueprint\JWT_TESTING_GUIDE.md
		Code\AppBlueprint\JWT_VALIDATION_GUIDE.md = Code\AppBlueprint\JWT_VALIDATION_GUIDE.md
		Code\AppBlueprint\LOGIN_FIX_GUIDE.md = Code\AppBlueprint\LOGIN_FIX_GUIDE.md
		Code\AppBlueprint\LOGOUT_AND_LOGIN_FIX_COMPLETE.md = Code\AppBlueprint\LOGOUT_AND_LOGIN_FIX_COMPLETE.md
		Code\AppBlueprint\LOGOUT_FIX_FINAL_IMPLEMENTED.md = Code\AppBlueprint\LOGOUT_FIX_FINAL_IMPLEMENTED.md
		Code\AppBlueprint\LOGOUT_TROUBLESHOOT_IMMEDIATE.md = Code\AppBlueprint\LOGOUT_TROUBLESHOOT_IMMEDIATE.md
		Code\AppBlueprint\LOGTO_CLOUD_SETUP.md = Code\AppBlueprint\LOGTO_CLOUD_SETUP.md
		Code\AppBlueprint\LOGTO_INTEGRATION_COMPLETE.md = Code\AppBlueprint\LOGTO_INTEGRATION_COMPLETE.md
		Code\AppBlueprint\LOGTO_QUICKSTART.md = Code\AppBlueprint\LOGTO_QUICKSTART.md
		Code\AppBlueprint\LOGTO_REDIRECT_URI_FIX_CRITICAL.md = Code\AppBlueprint\LOGTO_REDIRECT_URI_FIX_CRITICAL.md
		Code\AppBlueprint\LOGTO_SETUP_GUIDE.md = Code\AppBlueprint\LOGTO_SETUP_GUIDE.md
		Code\AppBlueprint\LOGTO_SIGNOUT_CONFIGURATION.md = Code\AppBlueprint\LOGTO_SIGNOUT_CONFIGURATION.md
		Code\AppBlueprint\NEW_SIGNOUT_IMPLEMENTATION.md = Code\AppBlueprint\NEW_SIGNOUT_IMPLEMENTATION.md
		Code\AppBlueprint\OPENTELEMETRY_LOGGING_DISABLED.md = Code\AppBlueprint\OPENTELEMETRY_LOGGING_DISABLED.md
		Code\AppBlueprint\QUICKSTART_JWT_TESTING.md = Code\AppBlueprint\QUICKSTART_JWT_TESTING.md
		Code\AppBlueprint\railway-project.json = Code\AppBlueprint\railway-project.json
		Code\AppBlueprint\railway.json = Code\AppBlueprint\railway.json
		Code\AppBlueprint\railway.toml = Code\AppBlueprint\railway.toml
		Code\AppBlueprint\RAILWAY_AUTHENTICATION_COMPLETE.md = Code\AppBlueprint\RAILWAY_AUTHENTICATION_COMPLETE.md
		Code\AppBlueprint\RAILWAY_CHECKLIST.md = Code\AppBlueprint\RAILWAY_CHECKLIST.md
		Code\AppBlueprint\RAILWAY_DEPLOYMENT.md = Code\AppBlueprint\RAILWAY_DEPLOYMENT.md
		Code\AppBlueprint\RAILWAY_DOCKERFILE_DETECTION_ISSUE.md = Code\AppBlueprint\RAILWAY_DOCKERFILE_DETECTION_ISSUE.md
		Code\AppBlueprint\RAILWAY_DOCKERFILE_FIX.md = Code\AppBlueprint\RAILWAY_DOCKERFILE_FIX.md
		Code\AppBlueprint\RAILWAY_IMPLEMENTATION_SUMMARY.md = Code\AppBlueprint\RAILWAY_IMPLEMENTATION_SUMMARY.md
		Code\AppBlueprint\RAILWAY_OVERVIEW.md = Code\AppBlueprint\RAILWAY_OVERVIEW.md
		Code\AppBlueprint\RAILWAY_PORT_80_CONFIGURATION.md = Code\AppBlueprint\RAILWAY_PORT_80_CONFIGURATION.md
		Code\AppBlueprint\RAILWAY_QUICKSTART.md = Code\AppBlueprint\RAILWAY_QUICKSTART.md
		Code\AppBlueprint\RAILWAY_QUICK_FIX.md = Code\AppBlueprint\RAILWAY_QUICK_FIX.md
		Code\AppBlueprint\RAILWAY_README.md = Code\AppBlueprint\RAILWAY_README.md
		Code\AppBlueprint\RAILWAY_REPO_ROOT_CONFIG.md = Code\AppBlueprint\RAILWAY_REPO_ROOT_CONFIG.md
		Code\AppBlueprint\RAILWAY_ROOT_DIRECTORY_FIX.md = Code\AppBlueprint\RAILWAY_ROOT_DIRECTORY_FIX.md
		Code\AppBlueprint\setup-railway.ps1 = Code\AppBlueprint\setup-railway.ps1
		Code\AppBlueprint\SIGNIN_DIAGNOSTIC_TEST.md = Code\AppBlueprint\SIGNIN_DIAGNOSTIC_TEST.md
		Code\AppBlueprint\SIGNOUT_COMPLETE_READY_TO_TEST.md = Code\AppBlueprint\SIGNOUT_COMPLETE_READY_TO_TEST.md
		Code\AppBlueprint\SIGNOUT_FINAL_FIX.md = Code\AppBlueprint\SIGNOUT_FINAL_FIX.md
		Code\AppBlueprint\SIGNOUT_FIX_APPLIED.md = Code\AppBlueprint\SIGNOUT_FIX_APPLIED.md
		Code\AppBlueprint\SIGNOUT_TROUBLESHOOTING.md = Code\AppBlueprint\SIGNOUT_TROUBLESHOOTING.md
		Code\AppBlueprint\test-docker-build.ps1 = Code\AppBlueprint\test-docker-build.ps1
		Code\AppBlueprint\test-jwt-auth.ps1 = Code\AppBlueprint\test-jwt-auth.ps1
		Code\AppBlueprint\WEB_PORTS_CHANGED_8083_8082.md = Code\AppBlueprint\WEB_PORTS_CHANGED_8083_8082.md
		Code\AppBlueprint\WHY_LOGTO_FAILED_ANALYSIS.md = Code\AppBlueprint\WHY_LOGTO_FAILED_ANALYSIS.md
	EndProjectSection
EndProject
Project("{FAE04EC0-301F-11D3-BF4B-00C04F79EFBC}") = "AppBlueprint.TodoAppKernel", "Code\AppBlueprint\AppBlueprint.TodoAppKernel\AppBlueprint.TodoAppKernel.csproj", "{E0AAD3EE-AF08-3D8C-C37B-2D1F2226B82E}"
EndProject
Project("{2150E333-8FDC-42A3-9474-1A3956D46DE8}") = "DeploymentManager", "DeploymentManager", "{D5C8D19D-7411-5AE4-AF25-C89AC904FA0E}"
EndProject
Project("{FAE04EC0-301F-11D3-BF4B-00C04F79EFBC}") = "DeploymentManager.ApiService", "Code\DeploymentManager\DeploymentManager.ApiService\DeploymentManager.ApiService.csproj", "{84D14F8C-E22E-760E-3DED-00B2F59294EA}"
EndProject
Project("{FAE04EC0-301F-11D3-BF4B-00C04F79EFBC}") = "DeploymentManager.AppHost", "Code\DeploymentManager\DeploymentManager.AppHost\DeploymentManager.AppHost.csproj", "{046E2077-C4DA-072E-755C-7AA0E071784A}"
EndProject
Project("{FAE04EC0-301F-11D3-BF4B-00C04F79EFBC}") = "DeploymentManager.CloudInfrastructure", "Code\DeploymentManager\DeploymentManager.CloudInfrastructure\Pulumi\DeploymentManager.CloudInfrastructure.csproj", "{021167AF-304C-D1B2-DF05-36BF2388B08D}"
EndProject
Project("{FAE04EC0-301F-11D3-BF4B-00C04F79EFBC}") = "DeploymentManager.Codeflow", "Code\DeploymentManager\DeploymentManager.Codeflow\DeploymentManager.Codeflow.csproj", "{D22998C1-B155-CA36-06E7-D98A3E161807}"
EndProject
Project("{FAE04EC0-301F-11D3-BF4B-00C04F79EFBC}") = "DeploymentManager.ServiceDefaults", "Code\DeploymentManager\DeploymentManager.ServiceDefaults\DeploymentManager.ServiceDefaults.csproj", "{733E14CA-38E1-2EFC-9A7D-77AED38AD39C}"
EndProject
Project("{FAE04EC0-301F-11D3-BF4B-00C04F79EFBC}") = "DeploymentManager.Tests", "Code\DeploymentManager\DeploymentManager.Tests\DeploymentManager.Tests.csproj", "{4E432923-B92A-3787-3C24-CC960C493E4A}"
EndProject
Project("{FAE04EC0-301F-11D3-BF4B-00C04F79EFBC}") = "DeploymentManager.Web", "Code\DeploymentManager\DeploymentManager.Web\DeploymentManager.Web.csproj", "{96877C3F-525C-78ED-4006-AEE80C7F0F99}"
EndProject
Global
	GlobalSection(SolutionConfigurationPlatforms) = preSolution
		Debug|Any CPU = Debug|Any CPU
		Debug|x64 = Debug|x64
		Debug|x86 = Debug|x86
		Release|Any CPU = Release|Any CPU
		Release|x64 = Release|x64
		Release|x86 = Release|x86
	EndGlobalSection
	GlobalSection(ProjectConfigurationPlatforms) = postSolution
		{21D76C95-29F8-9346-9C7F-94E83FFEC0F7}.Debug|Any CPU.ActiveCfg = Debug|Any CPU
		{21D76C95-29F8-9346-9C7F-94E83FFEC0F7}.Debug|Any CPU.Build.0 = Debug|Any CPU
		{21D76C95-29F8-9346-9C7F-94E83FFEC0F7}.Debug|x64.ActiveCfg = Debug|Any CPU
		{21D76C95-29F8-9346-9C7F-94E83FFEC0F7}.Debug|x64.Build.0 = Debug|Any CPU
		{21D76C95-29F8-9346-9C7F-94E83FFEC0F7}.Debug|x86.ActiveCfg = Debug|Any CPU
		{21D76C95-29F8-9346-9C7F-94E83FFEC0F7}.Debug|x86.Build.0 = Debug|Any CPU
		{21D76C95-29F8-9346-9C7F-94E83FFEC0F7}.Release|Any CPU.ActiveCfg = Release|Any CPU
		{21D76C95-29F8-9346-9C7F-94E83FFEC0F7}.Release|Any CPU.Build.0 = Release|Any CPU
		{21D76C95-29F8-9346-9C7F-94E83FFEC0F7}.Release|x64.ActiveCfg = Release|Any CPU
		{21D76C95-29F8-9346-9C7F-94E83FFEC0F7}.Release|x64.Build.0 = Release|Any CPU
		{21D76C95-29F8-9346-9C7F-94E83FFEC0F7}.Release|x86.ActiveCfg = Release|Any CPU
		{21D76C95-29F8-9346-9C7F-94E83FFEC0F7}.Release|x86.Build.0 = Release|Any CPU
		{EA24E0ED-6148-37C8-3059-F28F9ADDA855}.Debug|Any CPU.ActiveCfg = Debug|Any CPU
		{EA24E0ED-6148-37C8-3059-F28F9ADDA855}.Debug|Any CPU.Build.0 = Debug|Any CPU
		{EA24E0ED-6148-37C8-3059-F28F9ADDA855}.Debug|x64.ActiveCfg = Debug|Any CPU
		{EA24E0ED-6148-37C8-3059-F28F9ADDA855}.Debug|x64.Build.0 = Debug|Any CPU
		{EA24E0ED-6148-37C8-3059-F28F9ADDA855}.Debug|x86.ActiveCfg = Debug|Any CPU
		{EA24E0ED-6148-37C8-3059-F28F9ADDA855}.Debug|x86.Build.0 = Debug|Any CPU
		{EA24E0ED-6148-37C8-3059-F28F9ADDA855}.Release|Any CPU.ActiveCfg = Release|Any CPU
		{EA24E0ED-6148-37C8-3059-F28F9ADDA855}.Release|Any CPU.Build.0 = Release|Any CPU
		{EA24E0ED-6148-37C8-3059-F28F9ADDA855}.Release|x64.ActiveCfg = Release|Any CPU
		{EA24E0ED-6148-37C8-3059-F28F9ADDA855}.Release|x64.Build.0 = Release|Any CPU
		{EA24E0ED-6148-37C8-3059-F28F9ADDA855}.Release|x86.ActiveCfg = Release|Any CPU
		{EA24E0ED-6148-37C8-3059-F28F9ADDA855}.Release|x86.Build.0 = Release|Any CPU
		{27B56602-5A2A-38DC-AF77-BADC1ED7D59F}.Debug|Any CPU.ActiveCfg = Debug|Any CPU
		{27B56602-5A2A-38DC-AF77-BADC1ED7D59F}.Debug|Any CPU.Build.0 = Debug|Any CPU
		{27B56602-5A2A-38DC-AF77-BADC1ED7D59F}.Debug|x64.ActiveCfg = Debug|Any CPU
		{27B56602-5A2A-38DC-AF77-BADC1ED7D59F}.Debug|x64.Build.0 = Debug|Any CPU
		{27B56602-5A2A-38DC-AF77-BADC1ED7D59F}.Debug|x86.ActiveCfg = Debug|Any CPU
		{27B56602-5A2A-38DC-AF77-BADC1ED7D59F}.Debug|x86.Build.0 = Debug|Any CPU
		{27B56602-5A2A-38DC-AF77-BADC1ED7D59F}.Release|Any CPU.ActiveCfg = Release|Any CPU
		{27B56602-5A2A-38DC-AF77-BADC1ED7D59F}.Release|Any CPU.Build.0 = Release|Any CPU
		{27B56602-5A2A-38DC-AF77-BADC1ED7D59F}.Release|x64.ActiveCfg = Release|Any CPU
		{27B56602-5A2A-38DC-AF77-BADC1ED7D59F}.Release|x64.Build.0 = Release|Any CPU
		{27B56602-5A2A-38DC-AF77-BADC1ED7D59F}.Release|x86.ActiveCfg = Release|Any CPU
		{27B56602-5A2A-38DC-AF77-BADC1ED7D59F}.Release|x86.Build.0 = Release|Any CPU
		{2FB3D41D-3A12-6358-84CD-9AB7E1A062B4}.Debug|Any CPU.ActiveCfg = Debug|Any CPU
		{2FB3D41D-3A12-6358-84CD-9AB7E1A062B4}.Debug|Any CPU.Build.0 = Debug|Any CPU
		{2FB3D41D-3A12-6358-84CD-9AB7E1A062B4}.Debug|x64.ActiveCfg = Debug|Any CPU
		{2FB3D41D-3A12-6358-84CD-9AB7E1A062B4}.Debug|x64.Build.0 = Debug|Any CPU
		{2FB3D41D-3A12-6358-84CD-9AB7E1A062B4}.Debug|x86.ActiveCfg = Debug|Any CPU
		{2FB3D41D-3A12-6358-84CD-9AB7E1A062B4}.Debug|x86.Build.0 = Debug|Any CPU
		{2FB3D41D-3A12-6358-84CD-9AB7E1A062B4}.Release|Any CPU.ActiveCfg = Release|Any CPU
		{2FB3D41D-3A12-6358-84CD-9AB7E1A062B4}.Release|Any CPU.Build.0 = Release|Any CPU
		{2FB3D41D-3A12-6358-84CD-9AB7E1A062B4}.Release|x64.ActiveCfg = Release|Any CPU
		{2FB3D41D-3A12-6358-84CD-9AB7E1A062B4}.Release|x64.Build.0 = Release|Any CPU
		{2FB3D41D-3A12-6358-84CD-9AB7E1A062B4}.Release|x86.ActiveCfg = Release|Any CPU
		{2FB3D41D-3A12-6358-84CD-9AB7E1A062B4}.Release|x86.Build.0 = Release|Any CPU
		{23728798-B2E0-B133-6C91-52DCE1B6ED3E}.Debug|Any CPU.ActiveCfg = Debug|Any CPU
		{23728798-B2E0-B133-6C91-52DCE1B6ED3E}.Debug|Any CPU.Build.0 = Debug|Any CPU
		{23728798-B2E0-B133-6C91-52DCE1B6ED3E}.Debug|x64.ActiveCfg = Debug|Any CPU
		{23728798-B2E0-B133-6C91-52DCE1B6ED3E}.Debug|x64.Build.0 = Debug|Any CPU
		{23728798-B2E0-B133-6C91-52DCE1B6ED3E}.Debug|x86.ActiveCfg = Debug|Any CPU
		{23728798-B2E0-B133-6C91-52DCE1B6ED3E}.Debug|x86.Build.0 = Debug|Any CPU
		{23728798-B2E0-B133-6C91-52DCE1B6ED3E}.Release|Any CPU.ActiveCfg = Release|Any CPU
		{23728798-B2E0-B133-6C91-52DCE1B6ED3E}.Release|Any CPU.Build.0 = Release|Any CPU
		{23728798-B2E0-B133-6C91-52DCE1B6ED3E}.Release|x64.ActiveCfg = Release|Any CPU
		{23728798-B2E0-B133-6C91-52DCE1B6ED3E}.Release|x64.Build.0 = Release|Any CPU
		{23728798-B2E0-B133-6C91-52DCE1B6ED3E}.Release|x86.ActiveCfg = Release|Any CPU
		{23728798-B2E0-B133-6C91-52DCE1B6ED3E}.Release|x86.Build.0 = Release|Any CPU
		{DBA4EF9F-C0DF-42CC-FD2D-F3783CFA3184}.Debug|Any CPU.ActiveCfg = Debug|Any CPU
		{DBA4EF9F-C0DF-42CC-FD2D-F3783CFA3184}.Debug|Any CPU.Build.0 = Debug|Any CPU
		{DBA4EF9F-C0DF-42CC-FD2D-F3783CFA3184}.Debug|x64.ActiveCfg = Debug|Any CPU
		{DBA4EF9F-C0DF-42CC-FD2D-F3783CFA3184}.Debug|x64.Build.0 = Debug|Any CPU
		{DBA4EF9F-C0DF-42CC-FD2D-F3783CFA3184}.Debug|x86.ActiveCfg = Debug|Any CPU
		{DBA4EF9F-C0DF-42CC-FD2D-F3783CFA3184}.Debug|x86.Build.0 = Debug|Any CPU
		{DBA4EF9F-C0DF-42CC-FD2D-F3783CFA3184}.Release|Any CPU.ActiveCfg = Release|Any CPU
		{DBA4EF9F-C0DF-42CC-FD2D-F3783CFA3184}.Release|Any CPU.Build.0 = Release|Any CPU
		{DBA4EF9F-C0DF-42CC-FD2D-F3783CFA3184}.Release|x64.ActiveCfg = Release|Any CPU
		{DBA4EF9F-C0DF-42CC-FD2D-F3783CFA3184}.Release|x64.Build.0 = Release|Any CPU
		{DBA4EF9F-C0DF-42CC-FD2D-F3783CFA3184}.Release|x86.ActiveCfg = Release|Any CPU
		{DBA4EF9F-C0DF-42CC-FD2D-F3783CFA3184}.Release|x86.Build.0 = Release|Any CPU
		{2EEDFC40-D156-D5BF-401B-C23A91D9BE8E}.Debug|Any CPU.ActiveCfg = Debug|Any CPU
		{2EEDFC40-D156-D5BF-401B-C23A91D9BE8E}.Debug|Any CPU.Build.0 = Debug|Any CPU
		{2EEDFC40-D156-D5BF-401B-C23A91D9BE8E}.Debug|x64.ActiveCfg = Debug|Any CPU
		{2EEDFC40-D156-D5BF-401B-C23A91D9BE8E}.Debug|x64.Build.0 = Debug|Any CPU
		{2EEDFC40-D156-D5BF-401B-C23A91D9BE8E}.Debug|x86.ActiveCfg = Debug|Any CPU
		{2EEDFC40-D156-D5BF-401B-C23A91D9BE8E}.Debug|x86.Build.0 = Debug|Any CPU
		{2EEDFC40-D156-D5BF-401B-C23A91D9BE8E}.Release|Any CPU.ActiveCfg = Release|Any CPU
		{2EEDFC40-D156-D5BF-401B-C23A91D9BE8E}.Release|Any CPU.Build.0 = Release|Any CPU
		{2EEDFC40-D156-D5BF-401B-C23A91D9BE8E}.Release|x64.ActiveCfg = Release|Any CPU
		{2EEDFC40-D156-D5BF-401B-C23A91D9BE8E}.Release|x64.Build.0 = Release|Any CPU
		{2EEDFC40-D156-D5BF-401B-C23A91D9BE8E}.Release|x86.ActiveCfg = Release|Any CPU
		{2EEDFC40-D156-D5BF-401B-C23A91D9BE8E}.Release|x86.Build.0 = Release|Any CPU
		{B20FC849-B946-CF2F-0355-B3F57BED07DD}.Debug|Any CPU.ActiveCfg = Debug|Any CPU
		{B20FC849-B946-CF2F-0355-B3F57BED07DD}.Debug|Any CPU.Build.0 = Debug|Any CPU
		{B20FC849-B946-CF2F-0355-B3F57BED07DD}.Debug|x64.ActiveCfg = Debug|Any CPU
		{B20FC849-B946-CF2F-0355-B3F57BED07DD}.Debug|x64.Build.0 = Debug|Any CPU
		{B20FC849-B946-CF2F-0355-B3F57BED07DD}.Debug|x86.ActiveCfg = Debug|Any CPU
		{B20FC849-B946-CF2F-0355-B3F57BED07DD}.Debug|x86.Build.0 = Debug|Any CPU
		{B20FC849-B946-CF2F-0355-B3F57BED07DD}.Release|Any CPU.ActiveCfg = Release|Any CPU
		{B20FC849-B946-CF2F-0355-B3F57BED07DD}.Release|Any CPU.Build.0 = Release|Any CPU
		{B20FC849-B946-CF2F-0355-B3F57BED07DD}.Release|x64.ActiveCfg = Release|Any CPU
		{B20FC849-B946-CF2F-0355-B3F57BED07DD}.Release|x64.Build.0 = Release|Any CPU
		{B20FC849-B946-CF2F-0355-B3F57BED07DD}.Release|x86.ActiveCfg = Release|Any CPU
		{B20FC849-B946-CF2F-0355-B3F57BED07DD}.Release|x86.Build.0 = Release|Any CPU
		{63509A96-856A-BC21-C9B0-071BDFC4F989}.Debug|Any CPU.ActiveCfg = Debug|Any CPU
		{63509A96-856A-BC21-C9B0-071BDFC4F989}.Debug|Any CPU.Build.0 = Debug|Any CPU
		{63509A96-856A-BC21-C9B0-071BDFC4F989}.Debug|x64.ActiveCfg = Debug|Any CPU
		{63509A96-856A-BC21-C9B0-071BDFC4F989}.Debug|x64.Build.0 = Debug|Any CPU
		{63509A96-856A-BC21-C9B0-071BDFC4F989}.Debug|x86.ActiveCfg = Debug|Any CPU
		{63509A96-856A-BC21-C9B0-071BDFC4F989}.Debug|x86.Build.0 = Debug|Any CPU
		{63509A96-856A-BC21-C9B0-071BDFC4F989}.Release|Any CPU.ActiveCfg = Release|Any CPU
		{63509A96-856A-BC21-C9B0-071BDFC4F989}.Release|Any CPU.Build.0 = Release|Any CPU
		{63509A96-856A-BC21-C9B0-071BDFC4F989}.Release|x64.ActiveCfg = Release|Any CPU
		{63509A96-856A-BC21-C9B0-071BDFC4F989}.Release|x64.Build.0 = Release|Any CPU
		{63509A96-856A-BC21-C9B0-071BDFC4F989}.Release|x86.ActiveCfg = Release|Any CPU
		{63509A96-856A-BC21-C9B0-071BDFC4F989}.Release|x86.Build.0 = Release|Any CPU
		{18D9AD93-08A1-3DC8-07B9-150D173DF809}.Debug|Any CPU.ActiveCfg = Debug|Any CPU
		{18D9AD93-08A1-3DC8-07B9-150D173DF809}.Debug|Any CPU.Build.0 = Debug|Any CPU
		{18D9AD93-08A1-3DC8-07B9-150D173DF809}.Debug|x64.ActiveCfg = Debug|Any CPU
		{18D9AD93-08A1-3DC8-07B9-150D173DF809}.Debug|x64.Build.0 = Debug|Any CPU
		{18D9AD93-08A1-3DC8-07B9-150D173DF809}.Debug|x86.ActiveCfg = Debug|Any CPU
		{18D9AD93-08A1-3DC8-07B9-150D173DF809}.Debug|x86.Build.0 = Debug|Any CPU
		{18D9AD93-08A1-3DC8-07B9-150D173DF809}.Release|Any CPU.ActiveCfg = Release|Any CPU
		{18D9AD93-08A1-3DC8-07B9-150D173DF809}.Release|Any CPU.Build.0 = Release|Any CPU
		{18D9AD93-08A1-3DC8-07B9-150D173DF809}.Release|x64.ActiveCfg = Release|Any CPU
		{18D9AD93-08A1-3DC8-07B9-150D173DF809}.Release|x64.Build.0 = Release|Any CPU
		{18D9AD93-08A1-3DC8-07B9-150D173DF809}.Release|x86.ActiveCfg = Release|Any CPU
		{18D9AD93-08A1-3DC8-07B9-150D173DF809}.Release|x86.Build.0 = Release|Any CPU
		{33205FAD-61C5-54A5-3D9A-9072A702175B}.Debug|Any CPU.ActiveCfg = Debug|Any CPU
		{33205FAD-61C5-54A5-3D9A-9072A702175B}.Debug|Any CPU.Build.0 = Debug|Any CPU
		{33205FAD-61C5-54A5-3D9A-9072A702175B}.Debug|x64.ActiveCfg = Debug|Any CPU
		{33205FAD-61C5-54A5-3D9A-9072A702175B}.Debug|x64.Build.0 = Debug|Any CPU
		{33205FAD-61C5-54A5-3D9A-9072A702175B}.Debug|x86.ActiveCfg = Debug|Any CPU
		{33205FAD-61C5-54A5-3D9A-9072A702175B}.Debug|x86.Build.0 = Debug|Any CPU
		{33205FAD-61C5-54A5-3D9A-9072A702175B}.Release|Any CPU.ActiveCfg = Release|Any CPU
		{33205FAD-61C5-54A5-3D9A-9072A702175B}.Release|Any CPU.Build.0 = Release|Any CPU
		{33205FAD-61C5-54A5-3D9A-9072A702175B}.Release|x64.ActiveCfg = Release|Any CPU
		{33205FAD-61C5-54A5-3D9A-9072A702175B}.Release|x64.Build.0 = Release|Any CPU
		{33205FAD-61C5-54A5-3D9A-9072A702175B}.Release|x86.ActiveCfg = Release|Any CPU
		{33205FAD-61C5-54A5-3D9A-9072A702175B}.Release|x86.Build.0 = Release|Any CPU
		{53897B57-69C4-8709-4847-1400B4051085}.Debug|Any CPU.ActiveCfg = Debug|Any CPU
		{53897B57-69C4-8709-4847-1400B4051085}.Debug|Any CPU.Build.0 = Debug|Any CPU
		{53897B57-69C4-8709-4847-1400B4051085}.Debug|x64.ActiveCfg = Debug|Any CPU
		{53897B57-69C4-8709-4847-1400B4051085}.Debug|x64.Build.0 = Debug|Any CPU
		{53897B57-69C4-8709-4847-1400B4051085}.Debug|x86.ActiveCfg = Debug|Any CPU
		{53897B57-69C4-8709-4847-1400B4051085}.Debug|x86.Build.0 = Debug|Any CPU
		{53897B57-69C4-8709-4847-1400B4051085}.Release|Any CPU.ActiveCfg = Release|Any CPU
		{53897B57-69C4-8709-4847-1400B4051085}.Release|Any CPU.Build.0 = Release|Any CPU
		{53897B57-69C4-8709-4847-1400B4051085}.Release|x64.ActiveCfg = Release|Any CPU
		{53897B57-69C4-8709-4847-1400B4051085}.Release|x64.Build.0 = Release|Any CPU
		{53897B57-69C4-8709-4847-1400B4051085}.Release|x86.ActiveCfg = Release|Any CPU
		{53897B57-69C4-8709-4847-1400B4051085}.Release|x86.Build.0 = Release|Any CPU
		{02BCE46B-63D3-40C5-57F6-BAD40308F79E}.Debug|Any CPU.ActiveCfg = Debug|Any CPU
		{02BCE46B-63D3-40C5-57F6-BAD40308F79E}.Debug|Any CPU.Build.0 = Debug|Any CPU
		{02BCE46B-63D3-40C5-57F6-BAD40308F79E}.Debug|x64.ActiveCfg = Debug|Any CPU
		{02BCE46B-63D3-40C5-57F6-BAD40308F79E}.Debug|x64.Build.0 = Debug|Any CPU
		{02BCE46B-63D3-40C5-57F6-BAD40308F79E}.Debug|x86.ActiveCfg = Debug|Any CPU
		{02BCE46B-63D3-40C5-57F6-BAD40308F79E}.Debug|x86.Build.0 = Debug|Any CPU
		{02BCE46B-63D3-40C5-57F6-BAD40308F79E}.Release|Any CPU.ActiveCfg = Release|Any CPU
		{02BCE46B-63D3-40C5-57F6-BAD40308F79E}.Release|Any CPU.Build.0 = Release|Any CPU
		{02BCE46B-63D3-40C5-57F6-BAD40308F79E}.Release|x64.ActiveCfg = Release|Any CPU
		{02BCE46B-63D3-40C5-57F6-BAD40308F79E}.Release|x64.Build.0 = Release|Any CPU
		{02BCE46B-63D3-40C5-57F6-BAD40308F79E}.Release|x86.ActiveCfg = Release|Any CPU
		{02BCE46B-63D3-40C5-57F6-BAD40308F79E}.Release|x86.Build.0 = Release|Any CPU
		{3969E9CA-F46C-3AF3-5B17-AD7359BC5239}.Debug|Any CPU.ActiveCfg = Debug|Any CPU
		{3969E9CA-F46C-3AF3-5B17-AD7359BC5239}.Debug|Any CPU.Build.0 = Debug|Any CPU
		{3969E9CA-F46C-3AF3-5B17-AD7359BC5239}.Debug|x64.ActiveCfg = Debug|Any CPU
		{3969E9CA-F46C-3AF3-5B17-AD7359BC5239}.Debug|x64.Build.0 = Debug|Any CPU
		{3969E9CA-F46C-3AF3-5B17-AD7359BC5239}.Debug|x86.ActiveCfg = Debug|Any CPU
		{3969E9CA-F46C-3AF3-5B17-AD7359BC5239}.Debug|x86.Build.0 = Debug|Any CPU
		{3969E9CA-F46C-3AF3-5B17-AD7359BC5239}.Release|Any CPU.ActiveCfg = Release|Any CPU
		{3969E9CA-F46C-3AF3-5B17-AD7359BC5239}.Release|Any CPU.Build.0 = Release|Any CPU
		{3969E9CA-F46C-3AF3-5B17-AD7359BC5239}.Release|x64.ActiveCfg = Release|Any CPU
		{3969E9CA-F46C-3AF3-5B17-AD7359BC5239}.Release|x64.Build.0 = Release|Any CPU
		{3969E9CA-F46C-3AF3-5B17-AD7359BC5239}.Release|x86.ActiveCfg = Release|Any CPU
		{3969E9CA-F46C-3AF3-5B17-AD7359BC5239}.Release|x86.Build.0 = Release|Any CPU
		{9BC8D6A8-2461-EBC1-6497-135EAC98EEEE}.Debug|Any CPU.ActiveCfg = Debug|Any CPU
		{9BC8D6A8-2461-EBC1-6497-135EAC98EEEE}.Debug|Any CPU.Build.0 = Debug|Any CPU
		{9BC8D6A8-2461-EBC1-6497-135EAC98EEEE}.Debug|x64.ActiveCfg = Debug|Any CPU
		{9BC8D6A8-2461-EBC1-6497-135EAC98EEEE}.Debug|x64.Build.0 = Debug|Any CPU
		{9BC8D6A8-2461-EBC1-6497-135EAC98EEEE}.Debug|x86.ActiveCfg = Debug|Any CPU
		{9BC8D6A8-2461-EBC1-6497-135EAC98EEEE}.Debug|x86.Build.0 = Debug|Any CPU
		{9BC8D6A8-2461-EBC1-6497-135EAC98EEEE}.Release|Any CPU.ActiveCfg = Release|Any CPU
		{9BC8D6A8-2461-EBC1-6497-135EAC98EEEE}.Release|Any CPU.Build.0 = Release|Any CPU
		{9BC8D6A8-2461-EBC1-6497-135EAC98EEEE}.Release|x64.ActiveCfg = Release|Any CPU
		{9BC8D6A8-2461-EBC1-6497-135EAC98EEEE}.Release|x64.Build.0 = Release|Any CPU
		{9BC8D6A8-2461-EBC1-6497-135EAC98EEEE}.Release|x86.ActiveCfg = Release|Any CPU
		{9BC8D6A8-2461-EBC1-6497-135EAC98EEEE}.Release|x86.Build.0 = Release|Any CPU
		{E0AAD3EE-AF08-3D8C-C37B-2D1F2226B82E}.Debug|Any CPU.ActiveCfg = Debug|Any CPU
		{E0AAD3EE-AF08-3D8C-C37B-2D1F2226B82E}.Debug|Any CPU.Build.0 = Debug|Any CPU
		{E0AAD3EE-AF08-3D8C-C37B-2D1F2226B82E}.Debug|x64.ActiveCfg = Debug|Any CPU
		{E0AAD3EE-AF08-3D8C-C37B-2D1F2226B82E}.Debug|x64.Build.0 = Debug|Any CPU
		{E0AAD3EE-AF08-3D8C-C37B-2D1F2226B82E}.Debug|x86.ActiveCfg = Debug|Any CPU
		{E0AAD3EE-AF08-3D8C-C37B-2D1F2226B82E}.Debug|x86.Build.0 = Debug|Any CPU
		{E0AAD3EE-AF08-3D8C-C37B-2D1F2226B82E}.Release|Any CPU.ActiveCfg = Release|Any CPU
		{E0AAD3EE-AF08-3D8C-C37B-2D1F2226B82E}.Release|Any CPU.Build.0 = Release|Any CPU
		{E0AAD3EE-AF08-3D8C-C37B-2D1F2226B82E}.Release|x64.ActiveCfg = Release|Any CPU
		{E0AAD3EE-AF08-3D8C-C37B-2D1F2226B82E}.Release|x64.Build.0 = Release|Any CPU
		{E0AAD3EE-AF08-3D8C-C37B-2D1F2226B82E}.Release|x86.ActiveCfg = Release|Any CPU
		{E0AAD3EE-AF08-3D8C-C37B-2D1F2226B82E}.Release|x86.Build.0 = Release|Any CPU
		{84D14F8C-E22E-760E-3DED-00B2F59294EA}.Debug|Any CPU.ActiveCfg = Debug|Any CPU
		{84D14F8C-E22E-760E-3DED-00B2F59294EA}.Debug|Any CPU.Build.0 = Debug|Any CPU
		{84D14F8C-E22E-760E-3DED-00B2F59294EA}.Debug|x64.ActiveCfg = Debug|Any CPU
		{84D14F8C-E22E-760E-3DED-00B2F59294EA}.Debug|x64.Build.0 = Debug|Any CPU
		{84D14F8C-E22E-760E-3DED-00B2F59294EA}.Debug|x86.ActiveCfg = Debug|Any CPU
		{84D14F8C-E22E-760E-3DED-00B2F59294EA}.Debug|x86.Build.0 = Debug|Any CPU
		{84D14F8C-E22E-760E-3DED-00B2F59294EA}.Release|Any CPU.ActiveCfg = Release|Any CPU
		{84D14F8C-E22E-760E-3DED-00B2F59294EA}.Release|Any CPU.Build.0 = Release|Any CPU
		{84D14F8C-E22E-760E-3DED-00B2F59294EA}.Release|x64.ActiveCfg = Release|Any CPU
		{84D14F8C-E22E-760E-3DED-00B2F59294EA}.Release|x64.Build.0 = Release|Any CPU
		{84D14F8C-E22E-760E-3DED-00B2F59294EA}.Release|x86.ActiveCfg = Release|Any CPU
		{84D14F8C-E22E-760E-3DED-00B2F59294EA}.Release|x86.Build.0 = Release|Any CPU
		{046E2077-C4DA-072E-755C-7AA0E071784A}.Debug|Any CPU.ActiveCfg = Debug|Any CPU
		{046E2077-C4DA-072E-755C-7AA0E071784A}.Debug|Any CPU.Build.0 = Debug|Any CPU
		{046E2077-C4DA-072E-755C-7AA0E071784A}.Debug|x64.ActiveCfg = Debug|Any CPU
		{046E2077-C4DA-072E-755C-7AA0E071784A}.Debug|x64.Build.0 = Debug|Any CPU
		{046E2077-C4DA-072E-755C-7AA0E071784A}.Debug|x86.ActiveCfg = Debug|Any CPU
		{046E2077-C4DA-072E-755C-7AA0E071784A}.Debug|x86.Build.0 = Debug|Any CPU
		{046E2077-C4DA-072E-755C-7AA0E071784A}.Release|Any CPU.ActiveCfg = Release|Any CPU
		{046E2077-C4DA-072E-755C-7AA0E071784A}.Release|Any CPU.Build.0 = Release|Any CPU
		{046E2077-C4DA-072E-755C-7AA0E071784A}.Release|x64.ActiveCfg = Release|Any CPU
		{046E2077-C4DA-072E-755C-7AA0E071784A}.Release|x64.Build.0 = Release|Any CPU
		{046E2077-C4DA-072E-755C-7AA0E071784A}.Release|x86.ActiveCfg = Release|Any CPU
		{046E2077-C4DA-072E-755C-7AA0E071784A}.Release|x86.Build.0 = Release|Any CPU
		{021167AF-304C-D1B2-DF05-36BF2388B08D}.Debug|Any CPU.ActiveCfg = Debug|Any CPU
		{021167AF-304C-D1B2-DF05-36BF2388B08D}.Debug|Any CPU.Build.0 = Debug|Any CPU
		{021167AF-304C-D1B2-DF05-36BF2388B08D}.Debug|x64.ActiveCfg = Debug|Any CPU
		{021167AF-304C-D1B2-DF05-36BF2388B08D}.Debug|x64.Build.0 = Debug|Any CPU
		{021167AF-304C-D1B2-DF05-36BF2388B08D}.Debug|x86.ActiveCfg = Debug|Any CPU
		{021167AF-304C-D1B2-DF05-36BF2388B08D}.Debug|x86.Build.0 = Debug|Any CPU
		{021167AF-304C-D1B2-DF05-36BF2388B08D}.Release|Any CPU.ActiveCfg = Release|Any CPU
		{021167AF-304C-D1B2-DF05-36BF2388B08D}.Release|Any CPU.Build.0 = Release|Any CPU
		{021167AF-304C-D1B2-DF05-36BF2388B08D}.Release|x64.ActiveCfg = Release|Any CPU
		{021167AF-304C-D1B2-DF05-36BF2388B08D}.Release|x64.Build.0 = Release|Any CPU
		{021167AF-304C-D1B2-DF05-36BF2388B08D}.Release|x86.ActiveCfg = Release|Any CPU
		{021167AF-304C-D1B2-DF05-36BF2388B08D}.Release|x86.Build.0 = Release|Any CPU
		{D22998C1-B155-CA36-06E7-D98A3E161807}.Debug|Any CPU.ActiveCfg = Debug|Any CPU
		{D22998C1-B155-CA36-06E7-D98A3E161807}.Debug|Any CPU.Build.0 = Debug|Any CPU
		{D22998C1-B155-CA36-06E7-D98A3E161807}.Debug|x64.ActiveCfg = Debug|Any CPU
		{D22998C1-B155-CA36-06E7-D98A3E161807}.Debug|x64.Build.0 = Debug|Any CPU
		{D22998C1-B155-CA36-06E7-D98A3E161807}.Debug|x86.ActiveCfg = Debug|Any CPU
		{D22998C1-B155-CA36-06E7-D98A3E161807}.Debug|x86.Build.0 = Debug|Any CPU
		{D22998C1-B155-CA36-06E7-D98A3E161807}.Release|Any CPU.ActiveCfg = Release|Any CPU
		{D22998C1-B155-CA36-06E7-D98A3E161807}.Release|Any CPU.Build.0 = Release|Any CPU
		{D22998C1-B155-CA36-06E7-D98A3E161807}.Release|x64.ActiveCfg = Release|Any CPU
		{D22998C1-B155-CA36-06E7-D98A3E161807}.Release|x64.Build.0 = Release|Any CPU
		{D22998C1-B155-CA36-06E7-D98A3E161807}.Release|x86.ActiveCfg = Release|Any CPU
		{D22998C1-B155-CA36-06E7-D98A3E161807}.Release|x86.Build.0 = Release|Any CPU
		{733E14CA-38E1-2EFC-9A7D-77AED38AD39C}.Debug|Any CPU.ActiveCfg = Debug|Any CPU
		{733E14CA-38E1-2EFC-9A7D-77AED38AD39C}.Debug|Any CPU.Build.0 = Debug|Any CPU
		{733E14CA-38E1-2EFC-9A7D-77AED38AD39C}.Debug|x64.ActiveCfg = Debug|Any CPU
		{733E14CA-38E1-2EFC-9A7D-77AED38AD39C}.Debug|x64.Build.0 = Debug|Any CPU
		{733E14CA-38E1-2EFC-9A7D-77AED38AD39C}.Debug|x86.ActiveCfg = Debug|Any CPU
		{733E14CA-38E1-2EFC-9A7D-77AED38AD39C}.Debug|x86.Build.0 = Debug|Any CPU
		{733E14CA-38E1-2EFC-9A7D-77AED38AD39C}.Release|Any CPU.ActiveCfg = Release|Any CPU
		{733E14CA-38E1-2EFC-9A7D-77AED38AD39C}.Release|Any CPU.Build.0 = Release|Any CPU
		{733E14CA-38E1-2EFC-9A7D-77AED38AD39C}.Release|x64.ActiveCfg = Release|Any CPU
		{733E14CA-38E1-2EFC-9A7D-77AED38AD39C}.Release|x64.Build.0 = Release|Any CPU
		{733E14CA-38E1-2EFC-9A7D-77AED38AD39C}.Release|x86.ActiveCfg = Release|Any CPU
		{733E14CA-38E1-2EFC-9A7D-77AED38AD39C}.Release|x86.Build.0 = Release|Any CPU
		{4E432923-B92A-3787-3C24-CC960C493E4A}.Debug|Any CPU.ActiveCfg = Debug|Any CPU
		{4E432923-B92A-3787-3C24-CC960C493E4A}.Debug|Any CPU.Build.0 = Debug|Any CPU
		{4E432923-B92A-3787-3C24-CC960C493E4A}.Debug|x64.ActiveCfg = Debug|Any CPU
		{4E432923-B92A-3787-3C24-CC960C493E4A}.Debug|x64.Build.0 = Debug|Any CPU
		{4E432923-B92A-3787-3C24-CC960C493E4A}.Debug|x86.ActiveCfg = Debug|Any CPU
		{4E432923-B92A-3787-3C24-CC960C493E4A}.Debug|x86.Build.0 = Debug|Any CPU
		{4E432923-B92A-3787-3C24-CC960C493E4A}.Release|Any CPU.ActiveCfg = Release|Any CPU
		{4E432923-B92A-3787-3C24-CC960C493E4A}.Release|Any CPU.Build.0 = Release|Any CPU
		{4E432923-B92A-3787-3C24-CC960C493E4A}.Release|x64.ActiveCfg = Release|Any CPU
		{4E432923-B92A-3787-3C24-CC960C493E4A}.Release|x64.Build.0 = Release|Any CPU
		{4E432923-B92A-3787-3C24-CC960C493E4A}.Release|x86.ActiveCfg = Release|Any CPU
		{4E432923-B92A-3787-3C24-CC960C493E4A}.Release|x86.Build.0 = Release|Any CPU
		{96877C3F-525C-78ED-4006-AEE80C7F0F99}.Debug|Any CPU.ActiveCfg = Debug|Any CPU
		{96877C3F-525C-78ED-4006-AEE80C7F0F99}.Debug|Any CPU.Build.0 = Debug|Any CPU
		{96877C3F-525C-78ED-4006-AEE80C7F0F99}.Debug|x64.ActiveCfg = Debug|Any CPU
		{96877C3F-525C-78ED-4006-AEE80C7F0F99}.Debug|x64.Build.0 = Debug|Any CPU
		{96877C3F-525C-78ED-4006-AEE80C7F0F99}.Debug|x86.ActiveCfg = Debug|Any CPU
		{96877C3F-525C-78ED-4006-AEE80C7F0F99}.Debug|x86.Build.0 = Debug|Any CPU
		{96877C3F-525C-78ED-4006-AEE80C7F0F99}.Release|Any CPU.ActiveCfg = Release|Any CPU
		{96877C3F-525C-78ED-4006-AEE80C7F0F99}.Release|Any CPU.Build.0 = Release|Any CPU
		{96877C3F-525C-78ED-4006-AEE80C7F0F99}.Release|x64.ActiveCfg = Release|Any CPU
		{96877C3F-525C-78ED-4006-AEE80C7F0F99}.Release|x64.Build.0 = Release|Any CPU
		{96877C3F-525C-78ED-4006-AEE80C7F0F99}.Release|x86.ActiveCfg = Release|Any CPU
		{96877C3F-525C-78ED-4006-AEE80C7F0F99}.Release|x86.Build.0 = Release|Any CPU
	EndGlobalSection
	GlobalSection(SolutionProperties) = preSolution
		HideSolutionNode = FALSE
	EndGlobalSection
	GlobalSection(NestedProjects) = preSolution
		{21D76C95-29F8-9346-9C7F-94E83FFEC0F7} = {06B52097-DC31-478E-67E5-099B9F601761}
		{EA24E0ED-6148-37C8-3059-F28F9ADDA855} = {06B52097-DC31-478E-67E5-099B9F601761}
		{27B56602-5A2A-38DC-AF77-BADC1ED7D59F} = {06B52097-DC31-478E-67E5-099B9F601761}
		{2FB3D41D-3A12-6358-84CD-9AB7E1A062B4} = {06B52097-DC31-478E-67E5-099B9F601761}
		{23728798-B2E0-B133-6C91-52DCE1B6ED3E} = {06B52097-DC31-478E-67E5-099B9F601761}
		{DBA4EF9F-C0DF-42CC-FD2D-F3783CFA3184} = {06B52097-DC31-478E-67E5-099B9F601761}
		{2EEDFC40-D156-D5BF-401B-C23A91D9BE8E} = {06B52097-DC31-478E-67E5-099B9F601761}
		{B20FC849-B946-CF2F-0355-B3F57BED07DD} = {06B52097-DC31-478E-67E5-099B9F601761}
		{63509A96-856A-BC21-C9B0-071BDFC4F989} = {06B52097-DC31-478E-67E5-099B9F601761}
		{18D9AD93-08A1-3DC8-07B9-150D173DF809} = {06B52097-DC31-478E-67E5-099B9F601761}
		{33205FAD-61C5-54A5-3D9A-9072A702175B} = {06B52097-DC31-478E-67E5-099B9F601761}
		{53897B57-69C4-8709-4847-1400B4051085} = {06B52097-DC31-478E-67E5-099B9F601761}
		{02BCE46B-63D3-40C5-57F6-BAD40308F79E} = {06B52097-DC31-478E-67E5-099B9F601761}
		{3969E9CA-F46C-3AF3-5B17-AD7359BC5239} = {06B52097-DC31-478E-67E5-099B9F601761}
		{9BC8D6A8-2461-EBC1-6497-135EAC98EEEE} = {06B52097-DC31-478E-67E5-099B9F601761}
		{C8D098D9-42D3-9B82-1233-22636F3EF8F1} = {314C6247-30EA-3492-19B6-DF847E3B326F}
		{E0AAD3EE-AF08-3D8C-C37B-2D1F2226B82E} = {C8D098D9-42D3-9B82-1233-22636F3EF8F1}
		{84D14F8C-E22E-760E-3DED-00B2F59294EA} = {D5C8D19D-7411-5AE4-AF25-C89AC904FA0E}
		{046E2077-C4DA-072E-755C-7AA0E071784A} = {D5C8D19D-7411-5AE4-AF25-C89AC904FA0E}
		{021167AF-304C-D1B2-DF05-36BF2388B08D} = {D5C8D19D-7411-5AE4-AF25-C89AC904FA0E}
		{D22998C1-B155-CA36-06E7-D98A3E161807} = {D5C8D19D-7411-5AE4-AF25-C89AC904FA0E}
		{733E14CA-38E1-2EFC-9A7D-77AED38AD39C} = {D5C8D19D-7411-5AE4-AF25-C89AC904FA0E}
		{4E432923-B92A-3787-3C24-CC960C493E4A} = {D5C8D19D-7411-5AE4-AF25-C89AC904FA0E}
		{96877C3F-525C-78ED-4006-AEE80C7F0F99} = {D5C8D19D-7411-5AE4-AF25-C89AC904FA0E}
	EndGlobalSection
EndGlobal
