<Solution>
  <Configurations>
    <Platform Name="Any CPU" />
    <Platform Name="x64" />
    <Platform Name="x86" />
  </Configurations>
  <Folder Name="/AppBlueprint/">
    <Project Path="Code/AppBlueprint/AppBlueprint.ApiService/AppBlueprint.ApiService.csproj" />
    <Project Path="Code/AppBlueprint/AppBlueprint.AppGateway/AppBlueprint.AppGateway.csproj" />
    <Project Path="Code/AppBlueprint/AppBlueprint.AppHost/AppBlueprint.AppHost.csproj" />
    <Project Path="Code/AppBlueprint/AppBlueprint.DeveloperCli/AppBlueprint.DeveloperCli.csproj" />
    <Project Path="Code/AppBlueprint/AppBlueprint.ServiceDefaults/AppBlueprint.ServiceDefaults.csproj" />
    <Project Path="Code/AppBlueprint/AppBlueprint.Tests/AppBlueprint.Tests.csproj" />
    <Project Path="Code/AppBlueprint/AppBlueprint.Web/AppBlueprint.Web.csproj" />
    <Project Path="Code/AppBlueprint/Shared-Modules/AppBlueprint.Api.Client.Sdk/AppBlueprint.Api.Client.Sdk.csproj" />
    <Project Path="Code/AppBlueprint/Shared-Modules/AppBlueprint.Application/AppBlueprint.Application.csproj" />
    <Project Path="Code/AppBlueprint/Shared-Modules/AppBlueprint.Contracts/AppBlueprint.Contracts.csproj" />
    <Project Path="Code/AppBlueprint/Shared-Modules/AppBlueprint.Domain/AppBlueprint.Domain.csproj" />
    <Project Path="Code/AppBlueprint/Shared-Modules/AppBlueprint.Infrastructure/AppBlueprint.Infrastructure.csproj" />
    <Project Path="Code/AppBlueprint/Shared-Modules/AppBlueprint.Presentation.ApiModule/AppBlueprint.Presentation.ApiModule.csproj" />
    <Project Path="Code/AppBlueprint/Shared-Modules/AppBlueprint.SharedKernel/AppBlueprint.SharedKernel.csproj" />
    <Project Path="Code/AppBlueprint/Shared-Modules/AppBlueprint.UiKit/AppBlueprint.UiKit.csproj" />
  </Folder>
  <Folder Name="/Code/" />
  <Folder Name="/Code/AppBlueprint/">
    <File Path="Code/AppBlueprint/.railwayignore" />
    <File Path="Code/AppBlueprint/API_PORT_FIX_CRITICAL.md" />
    <File Path="Code/AppBlueprint/APPHOST_PORT_FIX_FINAL.md" />
    <File Path="Code/AppBlueprint/AUTH0_SETUP_GUIDE.md" />
    <File Path="Code/AppBlueprint/BLAZOR_JWT_GUIDE.md" />
    <File Path="Code/AppBlueprint/CLEANUP_LOGTO_NOW.md" />
    <File Path="Code/AppBlueprint/CLOUD_DATABASE_SETUP.md" />
    <File Path="Code/AppBlueprint/COMPLETE_AUTH_FIX_FINAL.md" />
    <File Path="Code/AppBlueprint/COMPLETE_RAILWAY_SOLUTION.md" />
    <File Path="Code/AppBlueprint/COMPREHENSIVE_SIGNOUT_INVESTIGATION.md" />
    <File Path="Code/AppBlueprint/CRITICAL_DIAGNOSTICS_DO_NOW.md" />
    <File Path="Code/AppBlueprint/DASHBOARD_DUPLICATE_FIX.md" />
    <File Path="Code/AppBlueprint/docker-compose.logto.yml" />
    <File Path="Code/AppBlueprint/docker-compose.railway.yml" />
    <File Path="Code/AppBlueprint/DOCKER_BUILD_INSTRUCTIONS.md" />
    <File Path="Code/AppBlueprint/EMERGENCY_FORCE_LOGOUT_TEST.md" />
    <File Path="Code/AppBlueprint/ENHANCED_LOGGING_TEST.md" />
    <File Path="Code/AppBlueprint/EXACT_LOGTO_CLICKS.md" />
    <File Path="Code/AppBlueprint/FINAL_SIGNOUT_SOLUTION.md" />
    <File Path="Code/AppBlueprint/FINAL_SYSTEMATIC_TEST.md" />
    <File Path="Code/AppBlueprint/FULL_LOGTO_SIGNOUT_COMPLETE.md" />
    <File Path="Code/AppBlueprint/IMMEDIATE_TEST_REQUIRED.md" />
    <File Path="Code/AppBlueprint/I_NEED_ACTUAL_DIAGNOSTICS.md" />
    <File Path="Code/AppBlueprint/JWT_QUICK_REFERENCE.md" />
    <File Path="Code/AppBlueprint/JWT_TESTING_GUIDE.md" />
    <File Path="Code/AppBlueprint/JWT_VALIDATION_GUIDE.md" />
    <File Path="Code/AppBlueprint/LOGIN_FIX_GUIDE.md" />
    <File Path="Code/AppBlueprint/LOGOUT_AND_LOGIN_FIX_COMPLETE.md" />
    <File Path="Code/AppBlueprint/LOGOUT_FIX_FINAL_IMPLEMENTED.md" />
    <File Path="Code/AppBlueprint/LOGOUT_TROUBLESHOOT_IMMEDIATE.md" />
    <File Path="Code/AppBlueprint/LOGTO_CLOUD_SETUP.md" />
    <File Path="Code/AppBlueprint/LOGTO_INTEGRATION_COMPLETE.md" />
    <File Path="Code/AppBlueprint/LOGTO_QUICKSTART.md" />
    <File Path="Code/AppBlueprint/LOGTO_REDIRECT_URI_FIX_CRITICAL.md" />
    <File Path="Code/AppBlueprint/LOGTO_SETUP_GUIDE.md" />
    <File Path="Code/AppBlueprint/LOGTO_SIGNOUT_CONFIGURATION.md" />
    <File Path="Code/AppBlueprint/NEW_SIGNOUT_IMPLEMENTATION.md" />
    <File Path="Code/AppBlueprint/OPENTELEMETRY_LOGGING_DISABLED.md" />
    <File Path="Code/AppBlueprint/QUICKSTART_JWT_TESTING.md" />
    <File Path="Code/AppBlueprint/railway-project.json" />
    <File Path="Code/AppBlueprint/railway.json" />
    <File Path="Code/AppBlueprint/railway.toml" />
    <File Path="Code/AppBlueprint/RAILWAY_AUTHENTICATION_COMPLETE.md" />
    <File Path="Code/AppBlueprint/RAILWAY_CHECKLIST.md" />
    <File Path="Code/AppBlueprint/RAILWAY_DEPLOYMENT.md" />
    <File Path="Code/AppBlueprint/RAILWAY_DOCKERFILE_DETECTION_ISSUE.md" />
    <File Path="Code/AppBlueprint/RAILWAY_DOCKERFILE_FIX.md" />
    <File Path="Code/AppBlueprint/RAILWAY_IMPLEMENTATION_SUMMARY.md" />
    <File Path="Code/AppBlueprint/RAILWAY_OVERVIEW.md" />
    <File Path="Code/AppBlueprint/RAILWAY_PORT_80_CONFIGURATION.md" />
    <File Path="Code/AppBlueprint/RAILWAY_QUICKSTART.md" />
    <File Path="Code/AppBlueprint/RAILWAY_QUICK_FIX.md" />
    <File Path="Code/AppBlueprint/RAILWAY_README.md" />
    <File Path="Code/AppBlueprint/RAILWAY_REPO_ROOT_CONFIG.md" />
    <File Path="Code/AppBlueprint/RAILWAY_ROOT_DIRECTORY_FIX.md" />
    <File Path="Code/AppBlueprint/setup-railway.ps1" />
    <File Path="Code/AppBlueprint/SIGNIN_DIAGNOSTIC_TEST.md" />
    <File Path="Code/AppBlueprint/SIGNOUT_COMPLETE_READY_TO_TEST.md" />
    <File Path="Code/AppBlueprint/SIGNOUT_FINAL_FIX.md" />
    <File Path="Code/AppBlueprint/SIGNOUT_FIX_APPLIED.md" />
    <File Path="Code/AppBlueprint/SIGNOUT_TROUBLESHOOTING.md" />
    <File Path="Code/AppBlueprint/test-docker-build.ps1" />
    <File Path="Code/AppBlueprint/test-jwt-auth.ps1" />
    <File Path="Code/AppBlueprint/WEB_PORTS_CHANGED_8083_8082.md" />
    <File Path="Code/AppBlueprint/WHY_LOGTO_FAILED_ANALYSIS.md" />
    <Project Path="Code/AppBlueprint/AppBlueprint.TodoAppKernel/AppBlueprint.TodoAppKernel.csproj" />
  </Folder>
  <Folder Name="/DeploymentManager/">
    <Project Path="Code/DeploymentManager/DeploymentManager.ApiService/DeploymentManager.ApiService.csproj" />
    <Project Path="Code/DeploymentManager/DeploymentManager.AppHost/DeploymentManager.AppHost.csproj" />
    <Project Path="Code/DeploymentManager/DeploymentManager.CloudInfrastructure/Pulumi/DeploymentManager.CloudInfrastructure.csproj" />
    <Project Path="Code/DeploymentManager/DeploymentManager.Codeflow/DeploymentManager.Codeflow.csproj" />
    <Project Path="Code/DeploymentManager/DeploymentManager.ServiceDefaults/DeploymentManager.ServiceDefaults.csproj" />
    <Project Path="Code/DeploymentManager/DeploymentManager.Tests/DeploymentManager.Tests.csproj" />
    <Project Path="Code/DeploymentManager/DeploymentManager.Web/DeploymentManager.Web.csproj" />
  </Folder>
</Solution>
