
Microsoft Visual Studio Solution File, Format Version 12.00
# Visual Studio Version 17
VisualStudioVersion = 17.10.34916.146
MinimumVisualStudioVersion = 10.0.40219.1
Project("{2150E333-8FDC-42A3-9474-1A3956D46DE8}") = "AppBlueprint", "AppBlueprint", "{6F36819F-315C-46E7-9D49-9EFF3BA3565B}"
EndProject
Project("{2150E333-8FDC-42A3-9474-1A3956D46DE8}") = "DeploymentManager", "DeploymentManager", "{F0EDC930-3E42-4F12-895E-58F11CADAD35}"
EndProject
Project("{FAE04EC0-301F-11D3-BF4B-00C04F79EFBC}") = "AppBlueprint.ApiService", "Code\AppBlueprint\AppBlueprint.ApiService\AppBlueprint.ApiService.csproj", "{96D83369-BDB4-40B0-9D7A-B478DB39C115}"
EndProject
Project("{FAE04EC0-301F-11D3-BF4B-00C04F79EFBC}") = "AppBlueprint.AppHost", "Code\AppBlueprint\AppBlueprint.AppHost\AppBlueprint.AppHost.csproj", "{79B6FC6B-78B6-4AF0-BE91-09CAB9FF9E61}"
EndProject
Project("{FAE04EC0-301F-11D3-BF4B-00C04F79EFBC}") = "AppBlueprint.ServiceDefaults", "Code\AppBlueprint\AppBlueprint.ServiceDefaults\AppBlueprint.ServiceDefaults.csproj", "{31122966-58D1-4535-9723-4AEFD52725E0}"
EndProject
Project("{FAE04EC0-301F-11D3-BF4B-00C04F79EFBC}") = "AppBlueprint.Tests", "Code\AppBlueprint\AppBlueprint.Tests\AppBlueprint.Tests.csproj", "{F6FB202A-2520-472C-9CBA-2C1C0F0EFE6A}"
EndProject
Project("{FAE04EC0-301F-11D3-BF4B-00C04F79EFBC}") = "AppBlueprint.Web", "Code\AppBlueprint\AppBlueprint.Web\AppBlueprint.Web.csproj", "{E86A5D9E-8778-42D8-BA9D-CA8443CE000F}"
EndProject
Project("{FAE04EC0-301F-11D3-BF4B-00C04F79EFBC}") = "AppBlueprint.AppGateway", "Code\AppBlueprint\AppBlueprint.AppGateway\AppBlueprint.AppGateway.csproj", "{634CD1BB-AA45-45EA-B597-E33E6E6634DA}"
EndProject
Project("{FAE04EC0-301F-11D3-BF4B-00C04F79EFBC}") = "AppBlueprint.SharedKernel", "Code\AppBlueprint\Shared-Modules\AppBlueprint.SharedKernel\AppBlueprint.SharedKernel.csproj", "{5369B685-E7A9-46D2-ADC1-7C040F5A59CA}"
EndProject
Project("{FAE04EC0-301F-11D3-BF4B-00C04F79EFBC}") = "AppBlueprint.UiKit", "Code\AppBlueprint\Shared-Modules\AppBlueprint.UiKit\AppBlueprint.UiKit.csproj", "{842677EB-3F04-4D11-93B6-F0706B69F134}"
EndProject
Project("{FAE04EC0-301F-11D3-BF4B-00C04F79EFBC}") = "AppBlueprint.Infrastructure", "Code\AppBlueprint\Shared-Modules\AppBlueprint.Infrastructure\AppBlueprint.Infrastructure.csproj", "{C493A79F-C3CB-456D-8942-A43487EFFBA2}"
EndProject
Project("{FAE04EC0-301F-11D3-BF4B-00C04F79EFBC}") = "AppBlueprint.DeveloperCli", "Code\AppBlueprint\AppBlueprint.DeveloperCli\AppBlueprint.DeveloperCli.csproj", "{36D75620-47D5-42F0-B628-B0095B83ABAF}"
EndProject
Project("{FAE04EC0-301F-11D3-BF4B-00C04F79EFBC}") = "AppBlueprint.Presentation.ApiModule", "Code\AppBlueprint\Shared-Modules\AppBlueprint.Presentation.ApiModule\AppBlueprint.Presentation.ApiModule.csproj", "{0F374C0C-1502-46ED-AEE9-3E7521478237}"
EndProject
Project("{FAE04EC0-301F-11D3-BF4B-00C04F79EFBC}") = "DeploymentManager.ApiService", "Code\DeploymentManager\DeploymentManager.ApiService\DeploymentManager.ApiService.csproj", "{14D64134-F5D0-44F1-A4A0-E6870B7C6874}"
EndProject
Project("{FAE04EC0-301F-11D3-BF4B-00C04F79EFBC}") = "DeploymentManager.AppHost", "Code\DeploymentManager\DeploymentManager.AppHost\DeploymentManager.AppHost.csproj", "{783F9A27-37E7-44D0-89B1-974DA5DCF04E}"
EndProject
Project("{FAE04EC0-301F-11D3-BF4B-00C04F79EFBC}") = "DeploymentManager.CloudInfrastructure", "Code\DeploymentManager\DeploymentManager.CloudInfrastructure\Pulumi\DeploymentManager.CloudInfrastructure.csproj", "{3E81BCF9-53F0-4DFF-9BA6-38D3EE06911E}"
EndProject
Project("{FAE04EC0-301F-11D3-BF4B-00C04F79EFBC}") = "DeploymentManager.Codeflow", "Code\DeploymentManager\DeploymentManager.Codeflow\DeploymentManager.Codeflow.csproj", "{42A5E72D-6474-4A3F-9F0C-F41B5173D945}"
EndProject
Project("{FAE04EC0-301F-11D3-BF4B-00C04F79EFBC}") = "DeploymentManager.ServiceDefaults", "Code\DeploymentManager\DeploymentManager.ServiceDefaults\DeploymentManager.ServiceDefaults.csproj", "{61022F2F-017A-4024-B023-B0155A8995D7}"
EndProject
Project("{FAE04EC0-301F-11D3-BF4B-00C04F79EFBC}") = "DeploymentManager.Tests", "Code\DeploymentManager\DeploymentManager.Tests\DeploymentManager.Tests.csproj", "{138871B8-2D3A-4377-81FE-C8437BF4F597}"
EndProject
Project("{FAE04EC0-301F-11D3-BF4B-00C04F79EFBC}") = "DeploymentManager.Web", "Code\DeploymentManager\DeploymentManager.Web\DeploymentManager.Web.csproj", "{DAFE70DD-4097-406C-960B-42A3F0382D8C}"
EndProject
Project("{FAE04EC0-301F-11D3-BF4B-00C04F79EFBC}") = "AppBlueprint.Domain", "Code\AppBlueprint\Shared-Modules\AppBlueprint.Domain\AppBlueprint.Domain.csproj", "{CD5E6AD5-16D6-49DF-8BFE-AC840D1726E5}"
EndProject
Project("{FAE04EC0-301F-11D3-BF4B-00C04F79EFBC}") = "AppBlueprint.Application", "Code\AppBlueprint\Shared-Modules\AppBlueprint.Application\AppBlueprint.Application.csproj", "{432677DA-D6B9-4C8D-A988-94094206F95B}"
EndProject
Project("{FAE04EC0-301F-11D3-BF4B-00C04F79EFBC}") = "AppBlueprint.Api.Client.Sdk", "Code\AppBlueprint\Shared-Modules\AppBlueprint.Api.Client.Sdk\AppBlueprint.Api.Client.Sdk.csproj", "{C88BDD4F-F6D4-4994-9A74-0460B875D059}"
EndProject
Project("{FAE04EC0-301F-11D3-BF4B-00C04F79EFBC}") = "AppBlueprint.Contracts", "Code\AppBlueprint\Shared-Modules\AppBlueprint.Contracts\AppBlueprint.Contracts.csproj", "{F00CF6E6-8420-491D-BAF6-695027C76F7A}"
EndProject
Project("{2150E333-8FDC-42A3-9474-1A3956D46DE8}") = "Code", "Code", "{314C6247-30EA-3492-19B6-DF847E3B326F}"
EndProject
Project("{2150E333-8FDC-42A3-9474-1A3956D46DE8}") = "AppBlueprint", "AppBlueprint", "{C8D098D9-42D3-9B82-1233-22636F3EF8F1}"
	ProjectSection(SolutionItems) = preProject
		Code\AppBlueprint\AUTH0_SETUP_GUIDE.md = Code\AppBlueprint\AUTH0_SETUP_GUIDE.md
		Code\AppBlueprint\LOGTO_SETUP_GUIDE.md = Code\AppBlueprint\LOGTO_SETUP_GUIDE.md
		Code\AppBlueprint\LOGTO_QUICKSTART.md = Code\AppBlueprint\LOGTO_QUICKSTART.md
		Code\AppBlueprint\docker-compose.logto.yml = Code\AppBlueprint\docker-compose.logto.yml
		Code\AppBlueprint\LOGTO_CLOUD_SETUP.md = Code\AppBlueprint\LOGTO_CLOUD_SETUP.md
		Code\AppBlueprint\LOGTO_INTEGRATION_COMPLETE.md = Code\AppBlueprint\LOGTO_INTEGRATION_COMPLETE.md
		Code\AppBlueprint\CLOUD_DATABASE_SETUP.md = Code\AppBlueprint\CLOUD_DATABASE_SETUP.md
		Code\AppBlueprint\JWT_VALIDATION_GUIDE.md = Code\AppBlueprint\JWT_VALIDATION_GUIDE.md
		Code\AppBlueprint\JWT_TESTING_GUIDE.md = Code\AppBlueprint\JWT_TESTING_GUIDE.md
		Code\AppBlueprint\test-jwt-auth.ps1 = Code\AppBlueprint\test-jwt-auth.ps1
		Code\AppBlueprint\QUICKSTART_JWT_TESTING.md = Code\AppBlueprint\QUICKSTART_JWT_TESTING.md
		Code\AppBlueprint\BLAZOR_JWT_GUIDE.md = Code\AppBlueprint\BLAZOR_JWT_GUIDE.md
		Code\AppBlueprint\JWT_QUICK_REFERENCE.md = Code\AppBlueprint\JWT_QUICK_REFERENCE.md
		Code\AppBlueprint\railway.json = Code\AppBlueprint\railway.json
		Code\AppBlueprint\RAILWAY_DEPLOYMENT.md = Code\AppBlueprint\RAILWAY_DEPLOYMENT.md
		Code\AppBlueprint\docker-compose.railway.yml = Code\AppBlueprint\docker-compose.railway.yml
		Code\AppBlueprint\railway-project.json = Code\AppBlueprint\railway-project.json
		Code\AppBlueprint\setup-railway.ps1 = Code\AppBlueprint\setup-railway.ps1
		Code\AppBlueprint\RAILWAY_QUICKSTART.md = Code\AppBlueprint\RAILWAY_QUICKSTART.md
		Code\AppBlueprint\RAILWAY_IMPLEMENTATION_SUMMARY.md = Code\AppBlueprint\RAILWAY_IMPLEMENTATION_SUMMARY.md
		Code\AppBlueprint\.railwayignore = Code\AppBlueprint\.railwayignore
		Code\AppBlueprint\RAILWAY_CHECKLIST.md = Code\AppBlueprint\RAILWAY_CHECKLIST.md
		Code\AppBlueprint\RAILWAY_OVERVIEW.md = Code\AppBlueprint\RAILWAY_OVERVIEW.md
		Code\AppBlueprint\RAILWAY_README.md = Code\AppBlueprint\RAILWAY_README.md
		Code\AppBlueprint\RAILWAY_DOCKERFILE_FIX.md = Code\AppBlueprint\RAILWAY_DOCKERFILE_FIX.md
		Code\AppBlueprint\DOCKER_BUILD_INSTRUCTIONS.md = Code\AppBlueprint\DOCKER_BUILD_INSTRUCTIONS.md
		Code\AppBlueprint\test-docker-build.ps1 = Code\AppBlueprint\test-docker-build.ps1
		Code\AppBlueprint\RAILWAY_ROOT_DIRECTORY_FIX.md = Code\AppBlueprint\RAILWAY_ROOT_DIRECTORY_FIX.md
		Code\AppBlueprint\RAILWAY_QUICK_FIX.md = Code\AppBlueprint\RAILWAY_QUICK_FIX.md
		Code\AppBlueprint\RAILWAY_DOCKERFILE_DETECTION_ISSUE.md = Code\AppBlueprint\RAILWAY_DOCKERFILE_DETECTION_ISSUE.md
		Code\AppBlueprint\railway.toml = Code\AppBlueprint\railway.toml
		Code\AppBlueprint\RAILWAY_REPO_ROOT_CONFIG.md = Code\AppBlueprint\RAILWAY_REPO_ROOT_CONFIG.md
		Code\AppBlueprint\COMPLETE_RAILWAY_SOLUTION.md = Code\AppBlueprint\COMPLETE_RAILWAY_SOLUTION.md
		Code\AppBlueprint\RAILWAY_PORT_80_CONFIGURATION.md = Code\AppBlueprint\RAILWAY_PORT_80_CONFIGURATION.md
		Code\AppBlueprint\RAILWAY_AUTHENTICATION_COMPLETE.md = Code\AppBlueprint\RAILWAY_AUTHENTICATION_COMPLETE.md
		Code\AppBlueprint\OPENTELEMETRY_LOGGING_DISABLED.md = Code\AppBlueprint\OPENTELEMETRY_LOGGING_DISABLED.md
		Code\AppBlueprint\WHY_LOGTO_FAILED_ANALYSIS.md = Code\AppBlueprint\WHY_LOGTO_FAILED_ANALYSIS.md
		Code\AppBlueprint\LOGIN_FIX_GUIDE.md = Code\AppBlueprint\LOGIN_FIX_GUIDE.md
		Code\AppBlueprint\DASHBOARD_DUPLICATE_FIX.md = Code\AppBlueprint\DASHBOARD_DUPLICATE_FIX.md
		Code\AppBlueprint\LOGTO_SIGNOUT_CONFIGURATION.md = Code\AppBlueprint\LOGTO_SIGNOUT_CONFIGURATION.md
		Code\AppBlueprint\SIGNOUT_TROUBLESHOOTING.md = Code\AppBlueprint\SIGNOUT_TROUBLESHOOTING.md
		Code\AppBlueprint\SIGNOUT_FIX_APPLIED.md = Code\AppBlueprint\SIGNOUT_FIX_APPLIED.md
		Code\AppBlueprint\FULL_LOGTO_SIGNOUT_COMPLETE.md = Code\AppBlueprint\FULL_LOGTO_SIGNOUT_COMPLETE.md
		Code\AppBlueprint\SIGNOUT_FINAL_FIX.md = Code\AppBlueprint\SIGNOUT_FINAL_FIX.md
		Code\AppBlueprint\SIGNOUT_COMPLETE_READY_TO_TEST.md = Code\AppBlueprint\SIGNOUT_COMPLETE_READY_TO_TEST.md
		Code\AppBlueprint\COMPREHENSIVE_SIGNOUT_INVESTIGATION.md = Code\AppBlueprint\COMPREHENSIVE_SIGNOUT_INVESTIGATION.md
		Code\AppBlueprint\CRITICAL_DIAGNOSTICS_DO_NOW.md = Code\AppBlueprint\CRITICAL_DIAGNOSTICS_DO_NOW.md
		Code\AppBlueprint\FINAL_SIGNOUT_SOLUTION.md = Code\AppBlueprint\FINAL_SIGNOUT_SOLUTION.md
		Code\AppBlueprint\IMMEDIATE_TEST_REQUIRED.md = Code\AppBlueprint\IMMEDIATE_TEST_REQUIRED.md
		Code\AppBlueprint\ENHANCED_LOGGING_TEST.md = Code\AppBlueprint\ENHANCED_LOGGING_TEST.md
		Code\AppBlueprint\API_PORT_FIX_CRITICAL.md = Code\AppBlueprint\API_PORT_FIX_CRITICAL.md
		Code\AppBlueprint\I_NEED_ACTUAL_DIAGNOSTICS.md = Code\AppBlueprint\I_NEED_ACTUAL_DIAGNOSTICS.md
		Code\AppBlueprint\FINAL_SYSTEMATIC_TEST.md = Code\AppBlueprint\FINAL_SYSTEMATIC_TEST.md
		Code\AppBlueprint\NEW_SIGNOUT_IMPLEMENTATION.md = Code\AppBlueprint\NEW_SIGNOUT_IMPLEMENTATION.md
		Code\AppBlueprint\WEB_PORTS_CHANGED_8083_8082.md = Code\AppBlueprint\WEB_PORTS_CHANGED_8083_8082.md
		Code\AppBlueprint\APPHOST_PORT_FIX_FINAL.md = Code\AppBlueprint\APPHOST_PORT_FIX_FINAL.md
		Code\AppBlueprint\LOGTO_REDIRECT_URI_FIX_CRITICAL.md = Code\AppBlueprint\LOGTO_REDIRECT_URI_FIX_CRITICAL.md
		Code\AppBlueprint\COMPLETE_AUTH_FIX_FINAL.md = Code\AppBlueprint\COMPLETE_AUTH_FIX_FINAL.md
		Code\AppBlueprint\CLEANUP_LOGTO_NOW.md = Code\AppBlueprint\CLEANUP_LOGTO_NOW.md
		Code\AppBlueprint\LOGOUT_TROUBLESHOOT_IMMEDIATE.md = Code\AppBlueprint\LOGOUT_TROUBLESHOOT_IMMEDIATE.md
		Code\AppBlueprint\EXACT_LOGTO_CLICKS.md = Code\AppBlueprint\EXACT_LOGTO_CLICKS.md
		Code\AppBlueprint\EMERGENCY_FORCE_LOGOUT_TEST.md = Code\AppBlueprint\EMERGENCY_FORCE_LOGOUT_TEST.md
		Code\AppBlueprint\LOGOUT_FIX_FINAL_IMPLEMENTED.md = Code\AppBlueprint\LOGOUT_FIX_FINAL_IMPLEMENTED.md
		Code\AppBlueprint\LOGOUT_AND_LOGIN_FIX_COMPLETE.md = Code\AppBlueprint\LOGOUT_AND_LOGIN_FIX_COMPLETE.md
		Code\AppBlueprint\SIGNIN_DIAGNOSTIC_TEST.md = Code\AppBlueprint\SIGNIN_DIAGNOSTIC_TEST.md
	EndProjectSection
EndProject
Project("{FAE04EC0-301F-11D3-BF4B-00C04F79EFBC}") = "AppBlueprint.TodoAppKernel", "Code\AppBlueprint\AppBlueprint.TodoAppKernel\AppBlueprint.TodoAppKernel.csproj", "{327EAECC-6EC6-4AA5-BD20-6192BBEDFB97}"
EndProject
Global
	GlobalSection(SolutionConfigurationPlatforms) = preSolution
		Debug|Any CPU = Debug|Any CPU
		Debug|x64 = Debug|x64
		Debug|x86 = Debug|x86
		Release|Any CPU = Release|Any CPU
		Release|x64 = Release|x64
		Release|x86 = Release|x86
	EndGlobalSection
	GlobalSection(ProjectConfigurationPlatforms) = postSolution
		{96D83369-BDB4-40B0-9D7A-B478DB39C115}.Debug|Any CPU.ActiveCfg = Debug|Any CPU
		{96D83369-BDB4-40B0-9D7A-B478DB39C115}.Debug|Any CPU.Build.0 = Debug|Any CPU
		{96D83369-BDB4-40B0-9D7A-B478DB39C115}.Debug|x64.ActiveCfg = Debug|Any CPU
		{96D83369-BDB4-40B0-9D7A-B478DB39C115}.Debug|x64.Build.0 = Debug|Any CPU
		{96D83369-BDB4-40B0-9D7A-B478DB39C115}.Debug|x86.ActiveCfg = Debug|Any CPU
		{96D83369-BDB4-40B0-9D7A-B478DB39C115}.Debug|x86.Build.0 = Debug|Any CPU
		{96D83369-BDB4-40B0-9D7A-B478DB39C115}.Release|Any CPU.ActiveCfg = Release|Any CPU
		{96D83369-BDB4-40B0-9D7A-B478DB39C115}.Release|Any CPU.Build.0 = Release|Any CPU
		{96D83369-BDB4-40B0-9D7A-B478DB39C115}.Release|x64.ActiveCfg = Release|Any CPU
		{96D83369-BDB4-40B0-9D7A-B478DB39C115}.Release|x64.Build.0 = Release|Any CPU
		{96D83369-BDB4-40B0-9D7A-B478DB39C115}.Release|x86.ActiveCfg = Release|Any CPU
		{96D83369-BDB4-40B0-9D7A-B478DB39C115}.Release|x86.Build.0 = Release|Any CPU
		{79B6FC6B-78B6-4AF0-BE91-09CAB9FF9E61}.Debug|Any CPU.ActiveCfg = Debug|Any CPU
		{79B6FC6B-78B6-4AF0-BE91-09CAB9FF9E61}.Debug|Any CPU.Build.0 = Debug|Any CPU
		{79B6FC6B-78B6-4AF0-BE91-09CAB9FF9E61}.Debug|x64.ActiveCfg = Debug|Any CPU
		{79B6FC6B-78B6-4AF0-BE91-09CAB9FF9E61}.Debug|x64.Build.0 = Debug|Any CPU
		{79B6FC6B-78B6-4AF0-BE91-09CAB9FF9E61}.Debug|x86.ActiveCfg = Debug|Any CPU
		{79B6FC6B-78B6-4AF0-BE91-09CAB9FF9E61}.Debug|x86.Build.0 = Debug|Any CPU
		{79B6FC6B-78B6-4AF0-BE91-09CAB9FF9E61}.Release|Any CPU.ActiveCfg = Release|Any CPU
		{79B6FC6B-78B6-4AF0-BE91-09CAB9FF9E61}.Release|Any CPU.Build.0 = Release|Any CPU
		{79B6FC6B-78B6-4AF0-BE91-09CAB9FF9E61}.Release|x64.ActiveCfg = Release|Any CPU
		{79B6FC6B-78B6-4AF0-BE91-09CAB9FF9E61}.Release|x64.Build.0 = Release|Any CPU
		{79B6FC6B-78B6-4AF0-BE91-09CAB9FF9E61}.Release|x86.ActiveCfg = Release|Any CPU
		{79B6FC6B-78B6-4AF0-BE91-09CAB9FF9E61}.Release|x86.Build.0 = Release|Any CPU
		{31122966-58D1-4535-9723-4AEFD52725E0}.Debug|Any CPU.ActiveCfg = Debug|Any CPU
		{31122966-58D1-4535-9723-4AEFD52725E0}.Debug|Any CPU.Build.0 = Debug|Any CPU
		{31122966-58D1-4535-9723-4AEFD52725E0}.Debug|x64.ActiveCfg = Debug|Any CPU
		{31122966-58D1-4535-9723-4AEFD52725E0}.Debug|x64.Build.0 = Debug|Any CPU
		{31122966-58D1-4535-9723-4AEFD52725E0}.Debug|x86.ActiveCfg = Debug|Any CPU
		{31122966-58D1-4535-9723-4AEFD52725E0}.Debug|x86.Build.0 = Debug|Any CPU
		{31122966-58D1-4535-9723-4AEFD52725E0}.Release|Any CPU.ActiveCfg = Release|Any CPU
		{31122966-58D1-4535-9723-4AEFD52725E0}.Release|Any CPU.Build.0 = Release|Any CPU
		{31122966-58D1-4535-9723-4AEFD52725E0}.Release|x64.ActiveCfg = Release|Any CPU
		{31122966-58D1-4535-9723-4AEFD52725E0}.Release|x64.Build.0 = Release|Any CPU
		{31122966-58D1-4535-9723-4AEFD52725E0}.Release|x86.ActiveCfg = Release|Any CPU
		{31122966-58D1-4535-9723-4AEFD52725E0}.Release|x86.Build.0 = Release|Any CPU
		{F6FB202A-2520-472C-9CBA-2C1C0F0EFE6A}.Debug|Any CPU.ActiveCfg = Debug|Any CPU
		{F6FB202A-2520-472C-9CBA-2C1C0F0EFE6A}.Debug|Any CPU.Build.0 = Debug|Any CPU
		{F6FB202A-2520-472C-9CBA-2C1C0F0EFE6A}.Debug|x64.ActiveCfg = Debug|Any CPU
		{F6FB202A-2520-472C-9CBA-2C1C0F0EFE6A}.Debug|x64.Build.0 = Debug|Any CPU
		{F6FB202A-2520-472C-9CBA-2C1C0F0EFE6A}.Debug|x86.ActiveCfg = Debug|Any CPU
		{F6FB202A-2520-472C-9CBA-2C1C0F0EFE6A}.Debug|x86.Build.0 = Debug|Any CPU
		{F6FB202A-2520-472C-9CBA-2C1C0F0EFE6A}.Release|Any CPU.ActiveCfg = Release|Any CPU
		{F6FB202A-2520-472C-9CBA-2C1C0F0EFE6A}.Release|Any CPU.Build.0 = Release|Any CPU
		{F6FB202A-2520-472C-9CBA-2C1C0F0EFE6A}.Release|x64.ActiveCfg = Release|Any CPU
		{F6FB202A-2520-472C-9CBA-2C1C0F0EFE6A}.Release|x64.Build.0 = Release|Any CPU
		{F6FB202A-2520-472C-9CBA-2C1C0F0EFE6A}.Release|x86.ActiveCfg = Release|Any CPU
		{F6FB202A-2520-472C-9CBA-2C1C0F0EFE6A}.Release|x86.Build.0 = Release|Any CPU
		{E86A5D9E-8778-42D8-BA9D-CA8443CE000F}.Debug|Any CPU.ActiveCfg = Debug|Any CPU
		{E86A5D9E-8778-42D8-BA9D-CA8443CE000F}.Debug|Any CPU.Build.0 = Debug|Any CPU
		{E86A5D9E-8778-42D8-BA9D-CA8443CE000F}.Debug|x64.ActiveCfg = Debug|Any CPU
		{E86A5D9E-8778-42D8-BA9D-CA8443CE000F}.Debug|x64.Build.0 = Debug|Any CPU
		{E86A5D9E-8778-42D8-BA9D-CA8443CE000F}.Debug|x86.ActiveCfg = Debug|Any CPU
		{E86A5D9E-8778-42D8-BA9D-CA8443CE000F}.Debug|x86.Build.0 = Debug|Any CPU
		{E86A5D9E-8778-42D8-BA9D-CA8443CE000F}.Release|Any CPU.ActiveCfg = Release|Any CPU
		{E86A5D9E-8778-42D8-BA9D-CA8443CE000F}.Release|Any CPU.Build.0 = Release|Any CPU
		{E86A5D9E-8778-42D8-BA9D-CA8443CE000F}.Release|x64.ActiveCfg = Release|Any CPU
		{E86A5D9E-8778-42D8-BA9D-CA8443CE000F}.Release|x64.Build.0 = Release|Any CPU
		{E86A5D9E-8778-42D8-BA9D-CA8443CE000F}.Release|x86.ActiveCfg = Release|Any CPU
		{E86A5D9E-8778-42D8-BA9D-CA8443CE000F}.Release|x86.Build.0 = Release|Any CPU
		{634CD1BB-AA45-45EA-B597-E33E6E6634DA}.Debug|Any CPU.ActiveCfg = Debug|Any CPU
		{634CD1BB-AA45-45EA-B597-E33E6E6634DA}.Debug|Any CPU.Build.0 = Debug|Any CPU
		{634CD1BB-AA45-45EA-B597-E33E6E6634DA}.Debug|x64.ActiveCfg = Debug|Any CPU
		{634CD1BB-AA45-45EA-B597-E33E6E6634DA}.Debug|x64.Build.0 = Debug|Any CPU
		{634CD1BB-AA45-45EA-B597-E33E6E6634DA}.Debug|x86.ActiveCfg = Debug|Any CPU
		{634CD1BB-AA45-45EA-B597-E33E6E6634DA}.Debug|x86.Build.0 = Debug|Any CPU
		{634CD1BB-AA45-45EA-B597-E33E6E6634DA}.Release|Any CPU.ActiveCfg = Release|Any CPU
		{634CD1BB-AA45-45EA-B597-E33E6E6634DA}.Release|Any CPU.Build.0 = Release|Any CPU
		{634CD1BB-AA45-45EA-B597-E33E6E6634DA}.Release|x64.ActiveCfg = Release|Any CPU
		{634CD1BB-AA45-45EA-B597-E33E6E6634DA}.Release|x64.Build.0 = Release|Any CPU
		{634CD1BB-AA45-45EA-B597-E33E6E6634DA}.Release|x86.ActiveCfg = Release|Any CPU
		{634CD1BB-AA45-45EA-B597-E33E6E6634DA}.Release|x86.Build.0 = Release|Any CPU
		{5369B685-E7A9-46D2-ADC1-7C040F5A59CA}.Debug|Any CPU.ActiveCfg = Debug|Any CPU
		{5369B685-E7A9-46D2-ADC1-7C040F5A59CA}.Debug|Any CPU.Build.0 = Debug|Any CPU
		{5369B685-E7A9-46D2-ADC1-7C040F5A59CA}.Debug|x64.ActiveCfg = Debug|Any CPU
		{5369B685-E7A9-46D2-ADC1-7C040F5A59CA}.Debug|x64.Build.0 = Debug|Any CPU
		{5369B685-E7A9-46D2-ADC1-7C040F5A59CA}.Debug|x86.ActiveCfg = Debug|Any CPU
		{5369B685-E7A9-46D2-ADC1-7C040F5A59CA}.Debug|x86.Build.0 = Debug|Any CPU
		{5369B685-E7A9-46D2-ADC1-7C040F5A59CA}.Release|Any CPU.ActiveCfg = Release|Any CPU
		{5369B685-E7A9-46D2-ADC1-7C040F5A59CA}.Release|Any CPU.Build.0 = Release|Any CPU
		{5369B685-E7A9-46D2-ADC1-7C040F5A59CA}.Release|x64.ActiveCfg = Release|Any CPU
		{5369B685-E7A9-46D2-ADC1-7C040F5A59CA}.Release|x64.Build.0 = Release|Any CPU
		{5369B685-E7A9-46D2-ADC1-7C040F5A59CA}.Release|x86.ActiveCfg = Release|Any CPU
		{5369B685-E7A9-46D2-ADC1-7C040F5A59CA}.Release|x86.Build.0 = Release|Any CPU
		{842677EB-3F04-4D11-93B6-F0706B69F134}.Debug|Any CPU.ActiveCfg = Debug|Any CPU
		{842677EB-3F04-4D11-93B6-F0706B69F134}.Debug|Any CPU.Build.0 = Debug|Any CPU
		{842677EB-3F04-4D11-93B6-F0706B69F134}.Debug|x64.ActiveCfg = Debug|Any CPU
		{842677EB-3F04-4D11-93B6-F0706B69F134}.Debug|x64.Build.0 = Debug|Any CPU
		{842677EB-3F04-4D11-93B6-F0706B69F134}.Debug|x86.ActiveCfg = Debug|Any CPU
		{842677EB-3F04-4D11-93B6-F0706B69F134}.Debug|x86.Build.0 = Debug|Any CPU
		{842677EB-3F04-4D11-93B6-F0706B69F134}.Release|Any CPU.ActiveCfg = Release|Any CPU
		{842677EB-3F04-4D11-93B6-F0706B69F134}.Release|Any CPU.Build.0 = Release|Any CPU
		{842677EB-3F04-4D11-93B6-F0706B69F134}.Release|x64.ActiveCfg = Release|Any CPU
		{842677EB-3F04-4D11-93B6-F0706B69F134}.Release|x64.Build.0 = Release|Any CPU
		{842677EB-3F04-4D11-93B6-F0706B69F134}.Release|x86.ActiveCfg = Release|Any CPU
		{842677EB-3F04-4D11-93B6-F0706B69F134}.Release|x86.Build.0 = Release|Any CPU
		{C493A79F-C3CB-456D-8942-A43487EFFBA2}.Debug|Any CPU.ActiveCfg = Debug|Any CPU
		{C493A79F-C3CB-456D-8942-A43487EFFBA2}.Debug|Any CPU.Build.0 = Debug|Any CPU
		{C493A79F-C3CB-456D-8942-A43487EFFBA2}.Debug|x64.ActiveCfg = Debug|Any CPU
		{C493A79F-C3CB-456D-8942-A43487EFFBA2}.Debug|x64.Build.0 = Debug|Any CPU
		{C493A79F-C3CB-456D-8942-A43487EFFBA2}.Debug|x86.ActiveCfg = Debug|Any CPU
		{C493A79F-C3CB-456D-8942-A43487EFFBA2}.Debug|x86.Build.0 = Debug|Any CPU
		{C493A79F-C3CB-456D-8942-A43487EFFBA2}.Release|Any CPU.ActiveCfg = Release|Any CPU
		{C493A79F-C3CB-456D-8942-A43487EFFBA2}.Release|Any CPU.Build.0 = Release|Any CPU
		{C493A79F-C3CB-456D-8942-A43487EFFBA2}.Release|x64.ActiveCfg = Release|Any CPU
		{C493A79F-C3CB-456D-8942-A43487EFFBA2}.Release|x64.Build.0 = Release|Any CPU
		{C493A79F-C3CB-456D-8942-A43487EFFBA2}.Release|x86.ActiveCfg = Release|Any CPU
		{C493A79F-C3CB-456D-8942-A43487EFFBA2}.Release|x86.Build.0 = Release|Any CPU
		{36D75620-47D5-42F0-B628-B0095B83ABAF}.Debug|Any CPU.ActiveCfg = Debug|Any CPU
		{36D75620-47D5-42F0-B628-B0095B83ABAF}.Debug|Any CPU.Build.0 = Debug|Any CPU
		{36D75620-47D5-42F0-B628-B0095B83ABAF}.Debug|x64.ActiveCfg = Debug|Any CPU
		{36D75620-47D5-42F0-B628-B0095B83ABAF}.Debug|x64.Build.0 = Debug|Any CPU
		{36D75620-47D5-42F0-B628-B0095B83ABAF}.Debug|x86.ActiveCfg = Debug|Any CPU
		{36D75620-47D5-42F0-B628-B0095B83ABAF}.Debug|x86.Build.0 = Debug|Any CPU
		{36D75620-47D5-42F0-B628-B0095B83ABAF}.Release|Any CPU.ActiveCfg = Release|Any CPU
		{36D75620-47D5-42F0-B628-B0095B83ABAF}.Release|Any CPU.Build.0 = Release|Any CPU
		{36D75620-47D5-42F0-B628-B0095B83ABAF}.Release|x64.ActiveCfg = Release|Any CPU
		{36D75620-47D5-42F0-B628-B0095B83ABAF}.Release|x64.Build.0 = Release|Any CPU
		{36D75620-47D5-42F0-B628-B0095B83ABAF}.Release|x86.ActiveCfg = Release|Any CPU
		{36D75620-47D5-42F0-B628-B0095B83ABAF}.Release|x86.Build.0 = Release|Any CPU
		{0F374C0C-1502-46ED-AEE9-3E7521478237}.Debug|Any CPU.ActiveCfg = Debug|Any CPU
		{0F374C0C-1502-46ED-AEE9-3E7521478237}.Debug|Any CPU.Build.0 = Debug|Any CPU
		{0F374C0C-1502-46ED-AEE9-3E7521478237}.Debug|x64.ActiveCfg = Debug|Any CPU
		{0F374C0C-1502-46ED-AEE9-3E7521478237}.Debug|x64.Build.0 = Debug|Any CPU
		{0F374C0C-1502-46ED-AEE9-3E7521478237}.Debug|x86.ActiveCfg = Debug|Any CPU
		{0F374C0C-1502-46ED-AEE9-3E7521478237}.Debug|x86.Build.0 = Debug|Any CPU
		{0F374C0C-1502-46ED-AEE9-3E7521478237}.Release|Any CPU.ActiveCfg = Release|Any CPU
		{0F374C0C-1502-46ED-AEE9-3E7521478237}.Release|Any CPU.Build.0 = Release|Any CPU
		{0F374C0C-1502-46ED-AEE9-3E7521478237}.Release|x64.ActiveCfg = Release|Any CPU
		{0F374C0C-1502-46ED-AEE9-3E7521478237}.Release|x64.Build.0 = Release|Any CPU
		{0F374C0C-1502-46ED-AEE9-3E7521478237}.Release|x86.ActiveCfg = Release|Any CPU
		{0F374C0C-1502-46ED-AEE9-3E7521478237}.Release|x86.Build.0 = Release|Any CPU
		{14D64134-F5D0-44F1-A4A0-E6870B7C6874}.Debug|Any CPU.ActiveCfg = Debug|Any CPU
		{14D64134-F5D0-44F1-A4A0-E6870B7C6874}.Debug|Any CPU.Build.0 = Debug|Any CPU
		{14D64134-F5D0-44F1-A4A0-E6870B7C6874}.Debug|x64.ActiveCfg = Debug|Any CPU
		{14D64134-F5D0-44F1-A4A0-E6870B7C6874}.Debug|x64.Build.0 = Debug|Any CPU
		{14D64134-F5D0-44F1-A4A0-E6870B7C6874}.Debug|x86.ActiveCfg = Debug|Any CPU
		{14D64134-F5D0-44F1-A4A0-E6870B7C6874}.Debug|x86.Build.0 = Debug|Any CPU
		{14D64134-F5D0-44F1-A4A0-E6870B7C6874}.Release|Any CPU.ActiveCfg = Release|Any CPU
		{14D64134-F5D0-44F1-A4A0-E6870B7C6874}.Release|Any CPU.Build.0 = Release|Any CPU
		{14D64134-F5D0-44F1-A4A0-E6870B7C6874}.Release|x64.ActiveCfg = Release|Any CPU
		{14D64134-F5D0-44F1-A4A0-E6870B7C6874}.Release|x64.Build.0 = Release|Any CPU
		{14D64134-F5D0-44F1-A4A0-E6870B7C6874}.Release|x86.ActiveCfg = Release|Any CPU
		{14D64134-F5D0-44F1-A4A0-E6870B7C6874}.Release|x86.Build.0 = Release|Any CPU
		{783F9A27-37E7-44D0-89B1-974DA5DCF04E}.Debug|Any CPU.ActiveCfg = Debug|Any CPU
		{783F9A27-37E7-44D0-89B1-974DA5DCF04E}.Debug|Any CPU.Build.0 = Debug|Any CPU
		{783F9A27-37E7-44D0-89B1-974DA5DCF04E}.Debug|x64.ActiveCfg = Debug|Any CPU
		{783F9A27-37E7-44D0-89B1-974DA5DCF04E}.Debug|x64.Build.0 = Debug|Any CPU
		{783F9A27-37E7-44D0-89B1-974DA5DCF04E}.Debug|x86.ActiveCfg = Debug|Any CPU
		{783F9A27-37E7-44D0-89B1-974DA5DCF04E}.Debug|x86.Build.0 = Debug|Any CPU
		{783F9A27-37E7-44D0-89B1-974DA5DCF04E}.Release|Any CPU.ActiveCfg = Release|Any CPU
		{783F9A27-37E7-44D0-89B1-974DA5DCF04E}.Release|Any CPU.Build.0 = Release|Any CPU
		{783F9A27-37E7-44D0-89B1-974DA5DCF04E}.Release|x64.ActiveCfg = Release|Any CPU
		{783F9A27-37E7-44D0-89B1-974DA5DCF04E}.Release|x64.Build.0 = Release|Any CPU
		{783F9A27-37E7-44D0-89B1-974DA5DCF04E}.Release|x86.ActiveCfg = Release|Any CPU
		{783F9A27-37E7-44D0-89B1-974DA5DCF04E}.Release|x86.Build.0 = Release|Any CPU
		{3E81BCF9-53F0-4DFF-9BA6-38D3EE06911E}.Debug|Any CPU.ActiveCfg = Debug|Any CPU
		{3E81BCF9-53F0-4DFF-9BA6-38D3EE06911E}.Debug|Any CPU.Build.0 = Debug|Any CPU
		{3E81BCF9-53F0-4DFF-9BA6-38D3EE06911E}.Debug|x64.ActiveCfg = Debug|Any CPU
		{3E81BCF9-53F0-4DFF-9BA6-38D3EE06911E}.Debug|x64.Build.0 = Debug|Any CPU
		{3E81BCF9-53F0-4DFF-9BA6-38D3EE06911E}.Debug|x86.ActiveCfg = Debug|Any CPU
		{3E81BCF9-53F0-4DFF-9BA6-38D3EE06911E}.Debug|x86.Build.0 = Debug|Any CPU
		{3E81BCF9-53F0-4DFF-9BA6-38D3EE06911E}.Release|Any CPU.ActiveCfg = Release|Any CPU
		{3E81BCF9-53F0-4DFF-9BA6-38D3EE06911E}.Release|Any CPU.Build.0 = Release|Any CPU
		{3E81BCF9-53F0-4DFF-9BA6-38D3EE06911E}.Release|x64.ActiveCfg = Release|Any CPU
		{3E81BCF9-53F0-4DFF-9BA6-38D3EE06911E}.Release|x64.Build.0 = Release|Any CPU
		{3E81BCF9-53F0-4DFF-9BA6-38D3EE06911E}.Release|x86.ActiveCfg = Release|Any CPU
		{3E81BCF9-53F0-4DFF-9BA6-38D3EE06911E}.Release|x86.Build.0 = Release|Any CPU
		{42A5E72D-6474-4A3F-9F0C-F41B5173D945}.Debug|Any CPU.ActiveCfg = Debug|Any CPU
		{42A5E72D-6474-4A3F-9F0C-F41B5173D945}.Debug|Any CPU.Build.0 = Debug|Any CPU
		{42A5E72D-6474-4A3F-9F0C-F41B5173D945}.Debug|x64.ActiveCfg = Debug|Any CPU
		{42A5E72D-6474-4A3F-9F0C-F41B5173D945}.Debug|x64.Build.0 = Debug|Any CPU
		{42A5E72D-6474-4A3F-9F0C-F41B5173D945}.Debug|x86.ActiveCfg = Debug|Any CPU
		{42A5E72D-6474-4A3F-9F0C-F41B5173D945}.Debug|x86.Build.0 = Debug|Any CPU
		{42A5E72D-6474-4A3F-9F0C-F41B5173D945}.Release|Any CPU.ActiveCfg = Release|Any CPU
		{42A5E72D-6474-4A3F-9F0C-F41B5173D945}.Release|Any CPU.Build.0 = Release|Any CPU
		{42A5E72D-6474-4A3F-9F0C-F41B5173D945}.Release|x64.ActiveCfg = Release|Any CPU
		{42A5E72D-6474-4A3F-9F0C-F41B5173D945}.Release|x64.Build.0 = Release|Any CPU
		{42A5E72D-6474-4A3F-9F0C-F41B5173D945}.Release|x86.ActiveCfg = Release|Any CPU
		{42A5E72D-6474-4A3F-9F0C-F41B5173D945}.Release|x86.Build.0 = Release|Any CPU
		{61022F2F-017A-4024-B023-B0155A8995D7}.Debug|Any CPU.ActiveCfg = Debug|Any CPU
		{61022F2F-017A-4024-B023-B0155A8995D7}.Debug|Any CPU.Build.0 = Debug|Any CPU
		{61022F2F-017A-4024-B023-B0155A8995D7}.Debug|x64.ActiveCfg = Debug|Any CPU
		{61022F2F-017A-4024-B023-B0155A8995D7}.Debug|x64.Build.0 = Debug|Any CPU
		{61022F2F-017A-4024-B023-B0155A8995D7}.Debug|x86.ActiveCfg = Debug|Any CPU
		{61022F2F-017A-4024-B023-B0155A8995D7}.Debug|x86.Build.0 = Debug|Any CPU
		{61022F2F-017A-4024-B023-B0155A8995D7}.Release|Any CPU.ActiveCfg = Release|Any CPU
		{61022F2F-017A-4024-B023-B0155A8995D7}.Release|Any CPU.Build.0 = Release|Any CPU
		{61022F2F-017A-4024-B023-B0155A8995D7}.Release|x64.ActiveCfg = Release|Any CPU
		{61022F2F-017A-4024-B023-B0155A8995D7}.Release|x64.Build.0 = Release|Any CPU
		{61022F2F-017A-4024-B023-B0155A8995D7}.Release|x86.ActiveCfg = Release|Any CPU
		{61022F2F-017A-4024-B023-B0155A8995D7}.Release|x86.Build.0 = Release|Any CPU
		{138871B8-2D3A-4377-81FE-C8437BF4F597}.Debug|Any CPU.ActiveCfg = Debug|Any CPU
		{138871B8-2D3A-4377-81FE-C8437BF4F597}.Debug|Any CPU.Build.0 = Debug|Any CPU
		{138871B8-2D3A-4377-81FE-C8437BF4F597}.Debug|x64.ActiveCfg = Debug|Any CPU
		{138871B8-2D3A-4377-81FE-C8437BF4F597}.Debug|x64.Build.0 = Debug|Any CPU
		{138871B8-2D3A-4377-81FE-C8437BF4F597}.Debug|x86.ActiveCfg = Debug|Any CPU
		{138871B8-2D3A-4377-81FE-C8437BF4F597}.Debug|x86.Build.0 = Debug|Any CPU
		{138871B8-2D3A-4377-81FE-C8437BF4F597}.Release|Any CPU.ActiveCfg = Release|Any CPU
		{138871B8-2D3A-4377-81FE-C8437BF4F597}.Release|Any CPU.Build.0 = Release|Any CPU
		{138871B8-2D3A-4377-81FE-C8437BF4F597}.Release|x64.ActiveCfg = Release|Any CPU
		{138871B8-2D3A-4377-81FE-C8437BF4F597}.Release|x64.Build.0 = Release|Any CPU
		{138871B8-2D3A-4377-81FE-C8437BF4F597}.Release|x86.ActiveCfg = Release|Any CPU
		{138871B8-2D3A-4377-81FE-C8437BF4F597}.Release|x86.Build.0 = Release|Any CPU
		{DAFE70DD-4097-406C-960B-42A3F0382D8C}.Debug|Any CPU.ActiveCfg = Debug|Any CPU
		{DAFE70DD-4097-406C-960B-42A3F0382D8C}.Debug|Any CPU.Build.0 = Debug|Any CPU
		{DAFE70DD-4097-406C-960B-42A3F0382D8C}.Debug|x64.ActiveCfg = Debug|Any CPU
		{DAFE70DD-4097-406C-960B-42A3F0382D8C}.Debug|x64.Build.0 = Debug|Any CPU
		{DAFE70DD-4097-406C-960B-42A3F0382D8C}.Debug|x86.ActiveCfg = Debug|Any CPU
		{DAFE70DD-4097-406C-960B-42A3F0382D8C}.Debug|x86.Build.0 = Debug|Any CPU
		{DAFE70DD-4097-406C-960B-42A3F0382D8C}.Release|Any CPU.ActiveCfg = Release|Any CPU
		{DAFE70DD-4097-406C-960B-42A3F0382D8C}.Release|Any CPU.Build.0 = Release|Any CPU
		{DAFE70DD-4097-406C-960B-42A3F0382D8C}.Release|x64.ActiveCfg = Release|Any CPU
		{DAFE70DD-4097-406C-960B-42A3F0382D8C}.Release|x64.Build.0 = Release|Any CPU
		{DAFE70DD-4097-406C-960B-42A3F0382D8C}.Release|x86.ActiveCfg = Release|Any CPU
		{DAFE70DD-4097-406C-960B-42A3F0382D8C}.Release|x86.Build.0 = Release|Any CPU
		{CD5E6AD5-16D6-49DF-8BFE-AC840D1726E5}.Debug|Any CPU.ActiveCfg = Debug|Any CPU
		{CD5E6AD5-16D6-49DF-8BFE-AC840D1726E5}.Debug|Any CPU.Build.0 = Debug|Any CPU
		{CD5E6AD5-16D6-49DF-8BFE-AC840D1726E5}.Debug|x64.ActiveCfg = Debug|Any CPU
		{CD5E6AD5-16D6-49DF-8BFE-AC840D1726E5}.Debug|x64.Build.0 = Debug|Any CPU
		{CD5E6AD5-16D6-49DF-8BFE-AC840D1726E5}.Debug|x86.ActiveCfg = Debug|Any CPU
		{CD5E6AD5-16D6-49DF-8BFE-AC840D1726E5}.Debug|x86.Build.0 = Debug|Any CPU
		{CD5E6AD5-16D6-49DF-8BFE-AC840D1726E5}.Release|Any CPU.ActiveCfg = Release|Any CPU
		{CD5E6AD5-16D6-49DF-8BFE-AC840D1726E5}.Release|Any CPU.Build.0 = Release|Any CPU
		{CD5E6AD5-16D6-49DF-8BFE-AC840D1726E5}.Release|x64.ActiveCfg = Release|Any CPU
		{CD5E6AD5-16D6-49DF-8BFE-AC840D1726E5}.Release|x64.Build.0 = Release|Any CPU
		{CD5E6AD5-16D6-49DF-8BFE-AC840D1726E5}.Release|x86.ActiveCfg = Release|Any CPU
		{CD5E6AD5-16D6-49DF-8BFE-AC840D1726E5}.Release|x86.Build.0 = Release|Any CPU
		{432677DA-D6B9-4C8D-A988-94094206F95B}.Debug|Any CPU.ActiveCfg = Debug|Any CPU
		{432677DA-D6B9-4C8D-A988-94094206F95B}.Debug|Any CPU.Build.0 = Debug|Any CPU
		{432677DA-D6B9-4C8D-A988-94094206F95B}.Debug|x64.ActiveCfg = Debug|Any CPU
		{432677DA-D6B9-4C8D-A988-94094206F95B}.Debug|x64.Build.0 = Debug|Any CPU
		{432677DA-D6B9-4C8D-A988-94094206F95B}.Debug|x86.ActiveCfg = Debug|Any CPU
		{432677DA-D6B9-4C8D-A988-94094206F95B}.Debug|x86.Build.0 = Debug|Any CPU
		{432677DA-D6B9-4C8D-A988-94094206F95B}.Release|Any CPU.ActiveCfg = Release|Any CPU
		{432677DA-D6B9-4C8D-A988-94094206F95B}.Release|Any CPU.Build.0 = Release|Any CPU
		{432677DA-D6B9-4C8D-A988-94094206F95B}.Release|x64.ActiveCfg = Release|Any CPU
		{432677DA-D6B9-4C8D-A988-94094206F95B}.Release|x64.Build.0 = Release|Any CPU
		{432677DA-D6B9-4C8D-A988-94094206F95B}.Release|x86.ActiveCfg = Release|Any CPU
		{432677DA-D6B9-4C8D-A988-94094206F95B}.Release|x86.Build.0 = Release|Any CPU
		{C88BDD4F-F6D4-4994-9A74-0460B875D059}.Debug|Any CPU.ActiveCfg = Debug|Any CPU
		{C88BDD4F-F6D4-4994-9A74-0460B875D059}.Debug|Any CPU.Build.0 = Debug|Any CPU
		{C88BDD4F-F6D4-4994-9A74-0460B875D059}.Debug|x64.ActiveCfg = Debug|Any CPU
		{C88BDD4F-F6D4-4994-9A74-0460B875D059}.Debug|x64.Build.0 = Debug|Any CPU
		{C88BDD4F-F6D4-4994-9A74-0460B875D059}.Debug|x86.ActiveCfg = Debug|Any CPU
		{C88BDD4F-F6D4-4994-9A74-0460B875D059}.Debug|x86.Build.0 = Debug|Any CPU
		{C88BDD4F-F6D4-4994-9A74-0460B875D059}.Release|Any CPU.ActiveCfg = Release|Any CPU
		{C88BDD4F-F6D4-4994-9A74-0460B875D059}.Release|Any CPU.Build.0 = Release|Any CPU
		{C88BDD4F-F6D4-4994-9A74-0460B875D059}.Release|x64.ActiveCfg = Release|Any CPU
		{C88BDD4F-F6D4-4994-9A74-0460B875D059}.Release|x64.Build.0 = Release|Any CPU
		{C88BDD4F-F6D4-4994-9A74-0460B875D059}.Release|x86.ActiveCfg = Release|Any CPU
		{C88BDD4F-F6D4-4994-9A74-0460B875D059}.Release|x86.Build.0 = Release|Any CPU
		{F00CF6E6-8420-491D-BAF6-695027C76F7A}.Debug|Any CPU.ActiveCfg = Debug|Any CPU
		{F00CF6E6-8420-491D-BAF6-695027C76F7A}.Debug|Any CPU.Build.0 = Debug|Any CPU
		{F00CF6E6-8420-491D-BAF6-695027C76F7A}.Debug|x64.ActiveCfg = Debug|Any CPU
		{F00CF6E6-8420-491D-BAF6-695027C76F7A}.Debug|x64.Build.0 = Debug|Any CPU
		{F00CF6E6-8420-491D-BAF6-695027C76F7A}.Debug|x86.ActiveCfg = Debug|Any CPU
		{F00CF6E6-8420-491D-BAF6-695027C76F7A}.Debug|x86.Build.0 = Debug|Any CPU
		{F00CF6E6-8420-491D-BAF6-695027C76F7A}.Release|Any CPU.ActiveCfg = Release|Any CPU
		{F00CF6E6-8420-491D-BAF6-695027C76F7A}.Release|Any CPU.Build.0 = Release|Any CPU
		{F00CF6E6-8420-491D-BAF6-695027C76F7A}.Release|x64.ActiveCfg = Release|Any CPU
		{F00CF6E6-8420-491D-BAF6-695027C76F7A}.Release|x64.Build.0 = Release|Any CPU
		{F00CF6E6-8420-491D-BAF6-695027C76F7A}.Release|x86.ActiveCfg = Release|Any CPU
		{F00CF6E6-8420-491D-BAF6-695027C76F7A}.Release|x86.Build.0 = Release|Any CPU
		{327EAECC-6EC6-4AA5-BD20-6192BBEDFB97}.Debug|Any CPU.ActiveCfg = Debug|Any CPU
		{327EAECC-6EC6-4AA5-BD20-6192BBEDFB97}.Debug|Any CPU.Build.0 = Debug|Any CPU
		{327EAECC-6EC6-4AA5-BD20-6192BBEDFB97}.Debug|x64.ActiveCfg = Debug|Any CPU
		{327EAECC-6EC6-4AA5-BD20-6192BBEDFB97}.Debug|x64.Build.0 = Debug|Any CPU
		{327EAECC-6EC6-4AA5-BD20-6192BBEDFB97}.Debug|x86.ActiveCfg = Debug|Any CPU
		{327EAECC-6EC6-4AA5-BD20-6192BBEDFB97}.Debug|x86.Build.0 = Debug|Any CPU
		{327EAECC-6EC6-4AA5-BD20-6192BBEDFB97}.Release|Any CPU.ActiveCfg = Release|Any CPU
		{327EAECC-6EC6-4AA5-BD20-6192BBEDFB97}.Release|Any CPU.Build.0 = Release|Any CPU
		{327EAECC-6EC6-4AA5-BD20-6192BBEDFB97}.Release|x64.ActiveCfg = Release|Any CPU
		{327EAECC-6EC6-4AA5-BD20-6192BBEDFB97}.Release|x64.Build.0 = Release|Any CPU
		{327EAECC-6EC6-4AA5-BD20-6192BBEDFB97}.Release|x86.ActiveCfg = Release|Any CPU
		{327EAECC-6EC6-4AA5-BD20-6192BBEDFB97}.Release|x86.Build.0 = Release|Any CPU
	EndGlobalSection
	GlobalSection(SolutionProperties) = preSolution
		HideSolutionNode = FALSE
	EndGlobalSection
	GlobalSection(NestedProjects) = preSolution
		{96D83369-BDB4-40B0-9D7A-B478DB39C115} = {6F36819F-315C-46E7-9D49-9EFF3BA3565B}
		{79B6FC6B-78B6-4AF0-BE91-09CAB9FF9E61} = {6F36819F-315C-46E7-9D49-9EFF3BA3565B}
		{31122966-58D1-4535-9723-4AEFD52725E0} = {6F36819F-315C-46E7-9D49-9EFF3BA3565B}
		{F6FB202A-2520-472C-9CBA-2C1C0F0EFE6A} = {6F36819F-315C-46E7-9D49-9EFF3BA3565B}
		{E86A5D9E-8778-42D8-BA9D-CA8443CE000F} = {6F36819F-315C-46E7-9D49-9EFF3BA3565B}
		{634CD1BB-AA45-45EA-B597-E33E6E6634DA} = {6F36819F-315C-46E7-9D49-9EFF3BA3565B}
		{5369B685-E7A9-46D2-ADC1-7C040F5A59CA} = {6F36819F-315C-46E7-9D49-9EFF3BA3565B}
		{842677EB-3F04-4D11-93B6-F0706B69F134} = {6F36819F-315C-46E7-9D49-9EFF3BA3565B}
		{C493A79F-C3CB-456D-8942-A43487EFFBA2} = {6F36819F-315C-46E7-9D49-9EFF3BA3565B}
		{36D75620-47D5-42F0-B628-B0095B83ABAF} = {6F36819F-315C-46E7-9D49-9EFF3BA3565B}
		{0F374C0C-1502-46ED-AEE9-3E7521478237} = {6F36819F-315C-46E7-9D49-9EFF3BA3565B}
		{14D64134-F5D0-44F1-A4A0-E6870B7C6874} = {F0EDC930-3E42-4F12-895E-58F11CADAD35}
		{783F9A27-37E7-44D0-89B1-974DA5DCF04E} = {F0EDC930-3E42-4F12-895E-58F11CADAD35}
		{3E81BCF9-53F0-4DFF-9BA6-38D3EE06911E} = {F0EDC930-3E42-4F12-895E-58F11CADAD35}
		{42A5E72D-6474-4A3F-9F0C-F41B5173D945} = {F0EDC930-3E42-4F12-895E-58F11CADAD35}
		{61022F2F-017A-4024-B023-B0155A8995D7} = {F0EDC930-3E42-4F12-895E-58F11CADAD35}
		{138871B8-2D3A-4377-81FE-C8437BF4F597} = {F0EDC930-3E42-4F12-895E-58F11CADAD35}
		{DAFE70DD-4097-406C-960B-42A3F0382D8C} = {F0EDC930-3E42-4F12-895E-58F11CADAD35}
		{CD5E6AD5-16D6-49DF-8BFE-AC840D1726E5} = {6F36819F-315C-46E7-9D49-9EFF3BA3565B}
		{432677DA-D6B9-4C8D-A988-94094206F95B} = {6F36819F-315C-46E7-9D49-9EFF3BA3565B}
		{C88BDD4F-F6D4-4994-9A74-0460B875D059} = {6F36819F-315C-46E7-9D49-9EFF3BA3565B}
		{F00CF6E6-8420-491D-BAF6-695027C76F7A} = {6F36819F-315C-46E7-9D49-9EFF3BA3565B}
		{C8D098D9-42D3-9B82-1233-22636F3EF8F1} = {314C6247-30EA-3492-19B6-DF847E3B326F}
		{327EAECC-6EC6-4AA5-BD20-6192BBEDFB97} = {C8D098D9-42D3-9B82-1233-22636F3EF8F1}
	EndGlobalSection
	GlobalSection(ExtensibilityGlobals) = postSolution
		SolutionGuid = {740E875E-FA99-4BAA-8D9F-6B6BCDDBB7FA}
	EndGlobalSection
EndGlobal
