
Microsoft Visual Studio Solution File, Format Version 12.00
# Visual Studio Version 18
VisualStudioVersion = 18.2.11415.280
MinimumVisualStudioVersion = 10.0.40219.1
Project("{2150E333-8FDC-42A3-9474-1A3956D46DE8}") = "AppBlueprint", "AppBlueprint", "{06B52097-DC31-478E-67E5-099B9F601761}"
EndProject
Project("{FAE04EC0-301F-11D3-BF4B-00C04F79EFBC}") = "AppBlueprint.Tests", "Code\AppBlueprint\AppBlueprint.Tests\AppBlueprint.Tests.csproj", "{DBA4EF9F-C0DF-42CC-FD2D-F3783CFA3184}"
EndProject
Project("{2150E333-8FDC-42A3-9474-1A3956D46DE8}") = "Code", "Code", "{314C6247-30EA-3492-19B6-DF847E3B326F}"
EndProject
Project("{2150E333-8FDC-42A3-9474-1A3956D46DE8}") = "AppBlueprint", "AppBlueprint", "{C8D098D9-42D3-9B82-1233-22636F3EF8F1}"
	ProjectSection(SolutionItems) = preProject
		Code\AppBlueprint\.railwayignore = Code\AppBlueprint\.railwayignore
		Code\AppBlueprint\API_PORT_FIX_CRITICAL.md = Code\AppBlueprint\API_PORT_FIX_CRITICAL.md
		Code\AppBlueprint\APPHOST_PORT_FIX_FINAL.md = Code\AppBlueprint\APPHOST_PORT_FIX_FINAL.md
		Code\AppBlueprint\AUTH0_SETUP_GUIDE.md = Code\AppBlueprint\AUTH0_SETUP_GUIDE.md
		Code\AppBlueprint\BLAZOR_JWT_GUIDE.md = Code\AppBlueprint\BLAZOR_JWT_GUIDE.md
		Code\AppBlueprint\CLEANUP_LOGTO_NOW.md = Code\AppBlueprint\CLEANUP_LOGTO_NOW.md
		Code\AppBlueprint\CLOUD_DATABASE_SETUP.md = Code\AppBlueprint\CLOUD_DATABASE_SETUP.md
		Code\AppBlueprint\COMPLETE_AUTH_FIX_FINAL.md = Code\AppBlueprint\COMPLETE_AUTH_FIX_FINAL.md
		Code\AppBlueprint\COMPLETE_RAILWAY_SOLUTION.md = Code\AppBlueprint\COMPLETE_RAILWAY_SOLUTION.md
		Code\AppBlueprint\COMPREHENSIVE_SIGNOUT_INVESTIGATION.md = Code\AppBlueprint\COMPREHENSIVE_SIGNOUT_INVESTIGATION.md
		Code\AppBlueprint\CRITICAL_DIAGNOSTICS_DO_NOW.md = Code\AppBlueprint\CRITICAL_DIAGNOSTICS_DO_NOW.md
		Code\AppBlueprint\DASHBOARD_DUPLICATE_FIX.md = Code\AppBlueprint\DASHBOARD_DUPLICATE_FIX.md
		Code\AppBlueprint\docker-compose.logto.yml = Code\AppBlueprint\docker-compose.logto.yml
		Code\AppBlueprint\docker-compose.railway.yml = Code\AppBlueprint\docker-compose.railway.yml
		Code\AppBlueprint\DOCKER_BUILD_INSTRUCTIONS.md = Code\AppBlueprint\DOCKER_BUILD_INSTRUCTIONS.md
		Code\AppBlueprint\EMERGENCY_FORCE_LOGOUT_TEST.md = Code\AppBlueprint\EMERGENCY_FORCE_LOGOUT_TEST.md
		Code\AppBlueprint\ENHANCED_LOGGING_TEST.md = Code\AppBlueprint\ENHANCED_LOGGING_TEST.md
		Code\AppBlueprint\EXACT_LOGTO_CLICKS.md = Code\AppBlueprint\EXACT_LOGTO_CLICKS.md
		Code\AppBlueprint\FINAL_SIGNOUT_SOLUTION.md = Code\AppBlueprint\FINAL_SIGNOUT_SOLUTION.md
		Code\AppBlueprint\FINAL_SYSTEMATIC_TEST.md = Code\AppBlueprint\FINAL_SYSTEMATIC_TEST.md
		Code\AppBlueprint\FULL_LOGTO_SIGNOUT_COMPLETE.md = Code\AppBlueprint\FULL_LOGTO_SIGNOUT_COMPLETE.md
		Code\AppBlueprint\IMMEDIATE_TEST_REQUIRED.md = Code\AppBlueprint\IMMEDIATE_TEST_REQUIRED.md
		Code\AppBlueprint\I_NEED_ACTUAL_DIAGNOSTICS.md = Code\AppBlueprint\I_NEED_ACTUAL_DIAGNOSTICS.md
		Code\AppBlueprint\JWT_QUICK_REFERENCE.md = Code\AppBlueprint\JWT_QUICK_REFERENCE.md
		Code\AppBlueprint\JWT_TESTING_GUIDE.md = Code\AppBlueprint\JWT_TESTING_GUIDE.md
		Code\AppBlueprint\JWT_VALIDATION_GUIDE.md = Code\AppBlueprint\JWT_VALIDATION_GUIDE.md
		Code\AppBlueprint\LOGIN_FIX_GUIDE.md = Code\AppBlueprint\LOGIN_FIX_GUIDE.md
		Code\AppBlueprint\LOGOUT_AND_LOGIN_FIX_COMPLETE.md = Code\AppBlueprint\LOGOUT_AND_LOGIN_FIX_COMPLETE.md
		Code\AppBlueprint\LOGOUT_FIX_FINAL_IMPLEMENTED.md = Code\AppBlueprint\LOGOUT_FIX_FINAL_IMPLEMENTED.md
		Code\AppBlueprint\LOGOUT_TROUBLESHOOT_IMMEDIATE.md = Code\AppBlueprint\LOGOUT_TROUBLESHOOT_IMMEDIATE.md
		Code\AppBlueprint\LOGTO_CLOUD_SETUP.md = Code\AppBlueprint\LOGTO_CLOUD_SETUP.md
		Code\AppBlueprint\LOGTO_INTEGRATION_COMPLETE.md = Code\AppBlueprint\LOGTO_INTEGRATION_COMPLETE.md
		Code\AppBlueprint\LOGTO_QUICKSTART.md = Code\AppBlueprint\LOGTO_QUICKSTART.md
		Code\AppBlueprint\LOGTO_REDIRECT_URI_FIX_CRITICAL.md = Code\AppBlueprint\LOGTO_REDIRECT_URI_FIX_CRITICAL.md
		Code\AppBlueprint\LOGTO_SETUP_GUIDE.md = Code\AppBlueprint\LOGTO_SETUP_GUIDE.md
		Code\AppBlueprint\LOGTO_SIGNOUT_CONFIGURATION.md = Code\AppBlueprint\LOGTO_SIGNOUT_CONFIGURATION.md
		Code\AppBlueprint\NEW_SIGNOUT_IMPLEMENTATION.md = Code\AppBlueprint\NEW_SIGNOUT_IMPLEMENTATION.md
		Code\AppBlueprint\OPENTELEMETRY_LOGGING_DISABLED.md = Code\AppBlueprint\OPENTELEMETRY_LOGGING_DISABLED.md
		Code\AppBlueprint\QUICKSTART_JWT_TESTING.md = Code\AppBlueprint\QUICKSTART_JWT_TESTING.md
		Code\AppBlueprint\railway-project.json = Code\AppBlueprint\railway-project.json
		Code\AppBlueprint\railway.json = Code\AppBlueprint\railway.json
		Code\AppBlueprint\railway.toml = Code\AppBlueprint\railway.toml
		Code\AppBlueprint\RAILWAY_AUTHENTICATION_COMPLETE.md = Code\AppBlueprint\RAILWAY_AUTHENTICATION_COMPLETE.md
		Code\AppBlueprint\RAILWAY_CHECKLIST.md = Code\AppBlueprint\RAILWAY_CHECKLIST.md
		Code\AppBlueprint\RAILWAY_DEPLOYMENT.md = Code\AppBlueprint\RAILWAY_DEPLOYMENT.md
		Code\AppBlueprint\RAILWAY_DOCKERFILE_DETECTION_ISSUE.md = Code\AppBlueprint\RAILWAY_DOCKERFILE_DETECTION_ISSUE.md
		Code\AppBlueprint\RAILWAY_DOCKERFILE_FIX.md = Code\AppBlueprint\RAILWAY_DOCKERFILE_FIX.md
		Code\AppBlueprint\RAILWAY_IMPLEMENTATION_SUMMARY.md = Code\AppBlueprint\RAILWAY_IMPLEMENTATION_SUMMARY.md
		Code\AppBlueprint\RAILWAY_OVERVIEW.md = Code\AppBlueprint\RAILWAY_OVERVIEW.md
		Code\AppBlueprint\RAILWAY_PORT_80_CONFIGURATION.md = Code\AppBlueprint\RAILWAY_PORT_80_CONFIGURATION.md
		Code\AppBlueprint\RAILWAY_QUICKSTART.md = Code\AppBlueprint\RAILWAY_QUICKSTART.md
		Code\AppBlueprint\RAILWAY_QUICK_FIX.md = Code\AppBlueprint\RAILWAY_QUICK_FIX.md
		Code\AppBlueprint\RAILWAY_README.md = Code\AppBlueprint\RAILWAY_README.md
		Code\AppBlueprint\RAILWAY_REPO_ROOT_CONFIG.md = Code\AppBlueprint\RAILWAY_REPO_ROOT_CONFIG.md
		Code\AppBlueprint\RAILWAY_ROOT_DIRECTORY_FIX.md = Code\AppBlueprint\RAILWAY_ROOT_DIRECTORY_FIX.md
		Code\AppBlueprint\SIGNIN_DIAGNOSTIC_TEST.md = Code\AppBlueprint\SIGNIN_DIAGNOSTIC_TEST.md
		Code\AppBlueprint\SIGNOUT_COMPLETE_READY_TO_TEST.md = Code\AppBlueprint\SIGNOUT_COMPLETE_READY_TO_TEST.md
		Code\AppBlueprint\SIGNOUT_FINAL_FIX.md = Code\AppBlueprint\SIGNOUT_FINAL_FIX.md
		Code\AppBlueprint\SIGNOUT_FIX_APPLIED.md = Code\AppBlueprint\SIGNOUT_FIX_APPLIED.md
		Code\AppBlueprint\SIGNOUT_TROUBLESHOOTING.md = Code\AppBlueprint\SIGNOUT_TROUBLESHOOTING.md
		Code\AppBlueprint\test-jwt-auth.ps1 = Code\AppBlueprint\test-jwt-auth.ps1
		Code\AppBlueprint\WEB_PORTS_CHANGED_8083_8082.md = Code\AppBlueprint\WEB_PORTS_CHANGED_8083_8082.md
		Code\AppBlueprint\WHY_LOGTO_FAILED_ANALYSIS.md = Code\AppBlueprint\WHY_LOGTO_FAILED_ANALYSIS.md
	EndProjectSection
EndProject
Project("{2150E333-8FDC-42A3-9474-1A3956D46DE8}") = "DeploymentManager", "DeploymentManager", "{D5C8D19D-7411-5AE4-AF25-C89AC904FA0E}"
EndProject
Project("{2150E333-8FDC-42A3-9474-1A3956D46DE8}") = "Shared-Modules", "Shared-Modules", "{48E49109-5630-1E84-579B-647E0B51669A}"
EndProject
Project("{2150E333-8FDC-42A3-9474-1A3956D46DE8}") = "Infrastructure", "Infrastructure", "{1F6649F7-B6BC-1A5B-1E9C-2FD314F99623}"
EndProject
Project("{2150E333-8FDC-42A3-9474-1A3956D46DE8}") = "DeploymentManager", "DeploymentManager", "{75D4397B-D9EC-C7D1-E8EE-9C8ABAC1161E}"
EndProject
Project("{2150E333-8FDC-42A3-9474-1A3956D46DE8}") = "Samples", "Samples", "{61BDD4D3-FD9A-B021-890A-E60F20EAC29C}"
EndProject
Project("{FAE04EC0-301F-11D3-BF4B-00C04F79EFBC}") = "SaaSFactory.SharedTestKernel", "Code\SaaSFactory.SharedTestKernel\SaaSFactory.SharedTestKernel.csproj", "{D3D56D6E-DF49-4419-B426-F902E3502992}"
EndProject
Global
	GlobalSection(SolutionConfigurationPlatforms) = preSolution
		Debug|Any CPU = Debug|Any CPU
		Debug|x64 = Debug|x64
		Debug|x86 = Debug|x86
		Release|Any CPU = Release|Any CPU
		Release|x64 = Release|x64
		Release|x86 = Release|x86
	EndGlobalSection
	GlobalSection(ProjectConfigurationPlatforms) = postSolution
		{DBA4EF9F-C0DF-42CC-FD2D-F3783CFA3184}.Debug|Any CPU.ActiveCfg = Debug|Any CPU
		{DBA4EF9F-C0DF-42CC-FD2D-F3783CFA3184}.Debug|Any CPU.Build.0 = Debug|Any CPU
		{DBA4EF9F-C0DF-42CC-FD2D-F3783CFA3184}.Debug|x64.ActiveCfg = Debug|Any CPU
		{DBA4EF9F-C0DF-42CC-FD2D-F3783CFA3184}.Debug|x64.Build.0 = Debug|Any CPU
		{DBA4EF9F-C0DF-42CC-FD2D-F3783CFA3184}.Debug|x86.ActiveCfg = Debug|Any CPU
		{DBA4EF9F-C0DF-42CC-FD2D-F3783CFA3184}.Debug|x86.Build.0 = Debug|Any CPU
		{DBA4EF9F-C0DF-42CC-FD2D-F3783CFA3184}.Release|Any CPU.ActiveCfg = Release|Any CPU
		{DBA4EF9F-C0DF-42CC-FD2D-F3783CFA3184}.Release|Any CPU.Build.0 = Release|Any CPU
		{DBA4EF9F-C0DF-42CC-FD2D-F3783CFA3184}.Release|x64.ActiveCfg = Release|Any CPU
		{DBA4EF9F-C0DF-42CC-FD2D-F3783CFA3184}.Release|x64.Build.0 = Release|Any CPU
		{DBA4EF9F-C0DF-42CC-FD2D-F3783CFA3184}.Release|x86.ActiveCfg = Release|Any CPU
		{DBA4EF9F-C0DF-42CC-FD2D-F3783CFA3184}.Release|x86.Build.0 = Release|Any CPU
		{D3D56D6E-DF49-4419-B426-F902E3502992}.Debug|Any CPU.ActiveCfg = Debug|Any CPU
		{D3D56D6E-DF49-4419-B426-F902E3502992}.Debug|Any CPU.Build.0 = Debug|Any CPU
		{D3D56D6E-DF49-4419-B426-F902E3502992}.Debug|x64.ActiveCfg = Debug|Any CPU
		{D3D56D6E-DF49-4419-B426-F902E3502992}.Debug|x64.Build.0 = Debug|Any CPU
		{D3D56D6E-DF49-4419-B426-F902E3502992}.Debug|x86.ActiveCfg = Debug|Any CPU
		{D3D56D6E-DF49-4419-B426-F902E3502992}.Debug|x86.Build.0 = Debug|Any CPU
		{D3D56D6E-DF49-4419-B426-F902E3502992}.Release|Any CPU.ActiveCfg = Release|Any CPU
		{D3D56D6E-DF49-4419-B426-F902E3502992}.Release|Any CPU.Build.0 = Release|Any CPU
		{D3D56D6E-DF49-4419-B426-F902E3502992}.Release|x64.ActiveCfg = Release|Any CPU
		{D3D56D6E-DF49-4419-B426-F902E3502992}.Release|x64.Build.0 = Release|Any CPU
		{D3D56D6E-DF49-4419-B426-F902E3502992}.Release|x86.ActiveCfg = Release|Any CPU
		{D3D56D6E-DF49-4419-B426-F902E3502992}.Release|x86.Build.0 = Release|Any CPU
	EndGlobalSection
	GlobalSection(SolutionProperties) = preSolution
		HideSolutionNode = FALSE
	EndGlobalSection
	GlobalSection(NestedProjects) = preSolution
		{DBA4EF9F-C0DF-42CC-FD2D-F3783CFA3184} = {06B52097-DC31-478E-67E5-099B9F601761}
		{C8D098D9-42D3-9B82-1233-22636F3EF8F1} = {314C6247-30EA-3492-19B6-DF847E3B326F}
		{48E49109-5630-1E84-579B-647E0B51669A} = {C8D098D9-42D3-9B82-1233-22636F3EF8F1}
		{1F6649F7-B6BC-1A5B-1E9C-2FD314F99623} = {48E49109-5630-1E84-579B-647E0B51669A}
		{75D4397B-D9EC-C7D1-E8EE-9C8ABAC1161E} = {314C6247-30EA-3492-19B6-DF847E3B326F}
		{61BDD4D3-FD9A-B021-890A-E60F20EAC29C} = {75D4397B-D9EC-C7D1-E8EE-9C8ABAC1161E}
		{D3D56D6E-DF49-4419-B426-F902E3502992} = {314C6247-30EA-3492-19B6-DF847E3B326F}
	EndGlobalSection
EndGlobal
