Microsoft Visual Studio Solution File, Format Version 12.00
# Visual Studio Version 17
VisualStudioVersion = 17.5.2.0
MinimumVisualStudioVersion = 10.0.40219.1
Project("{FAE04EC0-301F-11D3-BF4B-00C04F79EFBC}") = "AppBlueprint.ApiService", "AppBlueprint.ApiService.csproj", "{5C80984C-4BFA-7F54-7ABE-265CE9B07399}"
EndProject
Global
	GlobalSection(SolutionConfigurationPlatforms) = preSolution
		Debug|Any CPU = Debug|Any CPU
		Release|Any CPU = Release|Any CPU
	EndGlobalSection
	GlobalSection(ProjectConfigurationPlatforms) = postSolution
		{5C80984C-4BFA-7F54-7ABE-265CE9B07399}.Debug|Any CPU.ActiveCfg = Debug|Any CPU
		{5C80984C-4BFA-7F54-7ABE-265CE9B07399}.Debug|Any CPU.Build.0 = Debug|Any CPU
		{5C80984C-4BFA-7F54-7ABE-265CE9B07399}.Release|Any CPU.ActiveCfg = Release|Any CPU
		{5C80984C-4BFA-7F54-7ABE-265CE9B07399}.Release|Any CPU.Build.0 = Release|Any CPU
	EndGlobalSection
	GlobalSection(SolutionProperties) = preSolution
		HideSolutionNode = FALSE
	EndGlobalSection
	GlobalSection(ExtensibilityGlobals) = postSolution
		SolutionGuid = {F6A929D3-F43F-4823-8168-0705A10A0DA2}
	EndGlobalSection
EndGlobal
