Microsoft Visual Studio Solution File, Format Version 12.00
# Visual Studio Version 17
VisualStudioVersion = 17.5.2.0
MinimumVisualStudioVersion = 10.0.40219.1
Project("{FAE04EC0-301F-11D3-BF4B-00C04F79EFBC}") = "AppBlueprint.DeveloperCli", "AppBlueprint.DeveloperCli.csproj", "{0A29D3FD-F77F-2D71-0C92-190C034C85BB}"
EndProject
Global
	GlobalSection(SolutionConfigurationPlatforms) = preSolution
		Debug|Any CPU = Debug|Any CPU
		Release|Any CPU = Release|Any CPU
	EndGlobalSection
	GlobalSection(ProjectConfigurationPlatforms) = postSolution
		{0A29D3FD-F77F-2D71-0C92-190C034C85BB}.Debug|Any CPU.ActiveCfg = Debug|Any CPU
		{0A29D3FD-F77F-2D71-0C92-190C034C85BB}.Debug|Any CPU.Build.0 = Debug|Any CPU
		{0A29D3FD-F77F-2D71-0C92-190C034C85BB}.Release|Any CPU.ActiveCfg = Release|Any CPU
		{0A29D3FD-F77F-2D71-0C92-190C034C85BB}.Release|Any CPU.Build.0 = Release|Any CPU
	EndGlobalSection
	GlobalSection(SolutionProperties) = preSolution
		HideSolutionNode = FALSE
	EndGlobalSection
	GlobalSection(ExtensibilityGlobals) = postSolution
		SolutionGuid = {1E93035A-6312-4B3E-BB7D-918609112425}
	EndGlobalSection
EndGlobal
